// !$*UTF8*$!
{
	archiveVersion = 1;
	classes = {
	};
	objectVersion = 46;
	objects = {

/* Begin PBXBuildFile section */
		21528C9816AA215800CF7E8E /* CreateMatch.m in Sources */ = {isa = PBXBuildFile; fileRef = 21528C9516AA215800CF7E8E /* CreateMatch.m */; };
		21EBC7D716B358D000CBFDFD /* TeamDetailViewController.m in Sources */ = {isa = PBXBuildFile; fileRef = 21EBC7D616B358D000CBFDFD /* TeamDetailViewController.m */; };
		21F72D6016A78135000B99AB /* TeamListViewController.m in Sources */ = {isa = PBXBuildFile; fileRef = 21F72D5F16A78135000B99AB /* TeamListViewController.m */; };
		2F0E3A7516D7FB4D00A359D5 /* DefensePickerController.m in Sources */ = {isa = PBXBuildFile; fileRef = 2F0E3A7416D7FB4D00A359D5 /* DefensePickerController.m */; };
		2F12350316FB71E200DBF4B0 /* MasonPageViewController.m in Sources */ = {isa = PBXBuildFile; fileRef = 2F12350216FB71E200DBF4B0 /* MasonPageViewController.m */; };
		2F13339F170E20CD006669FF /* iPhoneMainViewController.m in Sources */ = {isa = PBXBuildFile; fileRef = 2F13339E170E20CD006669FF /* iPhoneMainViewController.m */; };
		2F17D54816BA092B00DC81C1 /* TournamentList.csv in Resources */ = {isa = PBXBuildFile; fileRef = 2F17D54716BA092B00DC81C1 /* TournamentList.csv */; };
		2F21C5CF170BCC31008A3C24 /* ImportDataViewController.m in Sources */ = {isa = PBXBuildFile; fileRef = 2F21C5CE170BCC31008A3C24 /* ImportDataViewController.m */; };
		2F21C5D2170BCDCB008A3C24 /* StackMobImportViewController.m in Sources */ = {isa = PBXBuildFile; fileRef = 2F21C5D1170BCDCB008A3C24 /* StackMobImportViewController.m */; };
		2F30EABC16A0EB4F0026B258 /* UIKit.framework in Frameworks */ = {isa = PBXBuildFile; fileRef = 2F30EABB16A0EB4F0026B258 /* UIKit.framework */; };
		2F30EABE16A0EB4F0026B258 /* Foundation.framework in Frameworks */ = {isa = PBXBuildFile; fileRef = 2F30EABD16A0EB4F0026B258 /* Foundation.framework */; };
		2F30EAC016A0EB4F0026B258 /* CoreGraphics.framework in Frameworks */ = {isa = PBXBuildFile; fileRef = 2F30EABF16A0EB4F0026B258 /* CoreGraphics.framework */; };
		2F30EAC216A0EB4F0026B258 /* CoreData.framework in Frameworks */ = {isa = PBXBuildFile; fileRef = 2F30EAC116A0EB4F0026B258 /* CoreData.framework */; };
		2F30EAC816A0EB4F0026B258 /* InfoPlist.strings in Resources */ = {isa = PBXBuildFile; fileRef = 2F30EAC616A0EB4F0026B258 /* InfoPlist.strings */; };
		2F30EAE516A100060026B258 /* Default.png in Resources */ = {isa = PBXBuildFile; fileRef = 2F30EAE416A100060026B258 /* Default.png */; };
		2F30EAE716A100170026B258 /* Default@2x.png in Resources */ = {isa = PBXBuildFile; fileRef = 2F30EAE616A100170026B258 /* Default@2x.png */; };
		2F30EAE916A100250026B258 /* Default-568h@2x.png in Resources */ = {isa = PBXBuildFile; fileRef = 2F30EAE816A100250026B258 /* Default-568h@2x.png */; };
		2F30EAEB16A100850026B258 /* main.m in Sources */ = {isa = PBXBuildFile; fileRef = 2F30EAEA16A100850026B258 /* main.m */; };
		2F30EAEE16A101AB0026B258 /* AppDelegate.m in Sources */ = {isa = PBXBuildFile; fileRef = 2F30EAED16A101AB0026B258 /* AppDelegate.m */; };
		2F32A76E1706787D00100705 /* MatchData.m in Sources */ = {isa = PBXBuildFile; fileRef = 2F32A76D1706787D00100705 /* MatchData.m */; };
		2F32A7711706788F00100705 /* Regional.m in Sources */ = {isa = PBXBuildFile; fileRef = 2F32A7701706788F00100705 /* Regional.m */; };
		2F32A7741706789B00100705 /* SettingsData.m in Sources */ = {isa = PBXBuildFile; fileRef = 2F32A7731706789B00100705 /* SettingsData.m */; };
		2F32A777170678AD00100705 /* Statistics.m in Sources */ = {isa = PBXBuildFile; fileRef = 2F32A776170678AD00100705 /* Statistics.m */; };
		2F32A77D170678D700100705 /* TeamScore.m in Sources */ = {isa = PBXBuildFile; fileRef = 2F32A77C170678D700100705 /* TeamScore.m */; };
		2F32A780170678E500100705 /* TournamentData.m in Sources */ = {isa = PBXBuildFile; fileRef = 2F32A77F170678E500100705 /* TournamentData.m */; };
		2F32A7831707336500100705 /* SMTournamentObject.m in Sources */ = {isa = PBXBuildFile; fileRef = 2F32A7821707336500100705 /* SMTournamentObject.m */; };
		2F32A7861707771A00100705 /* SMTeamDataObject.m in Sources */ = {isa = PBXBuildFile; fileRef = 2F32A7851707771A00100705 /* SMTeamDataObject.m */; };
		2F43A1CB16E4F219005CAFD9 /* AddMatchViewController.m in Sources */ = {isa = PBXBuildFile; fileRef = 2F43A1CA16E4F219005CAFD9 /* AddMatchViewController.m */; };
		2F47E38516DFE17400609A3E /* TournamentPickerController.m in Sources */ = {isa = PBXBuildFile; fileRef = 2F47E38416DFE17400609A3E /* TournamentPickerController.m */; };
		2F4CD04417122E1600428859 /* PopUpPickerViewController.m in Sources */ = {isa = PBXBuildFile; fileRef = 2F4CD04317122E1600428859 /* PopUpPickerViewController.m */; };
		2F4E01EB16BA103E0092DC86 /* CreateTournament.m in Sources */ = {isa = PBXBuildFile; fileRef = 2F4E01EA16BA103E0092DC86 /* CreateTournament.m */; };
		2F4E01EE16BA10560092DC86 /* CreateSettings.m in Sources */ = {isa = PBXBuildFile; fileRef = 2F4E01ED16BA10560092DC86 /* CreateSettings.m */; };
		2F4E01F016BA10C80092DC86 /* Settings.csv in Resources */ = {isa = PBXBuildFile; fileRef = 2F4E01EF16BA10C80092DC86 /* Settings.csv */; };
		2F50BF9A16F2D7A9004569F2 /* SyncResultsViewController.m in Sources */ = {isa = PBXBuildFile; fileRef = 2F50BF9916F2D7A9004569F2 /* SyncResultsViewController.m */; };
		2F50BF9D16F2DD65004569F2 /* MatchResultsObject.m in Sources */ = {isa = PBXBuildFile; fileRef = 2F50BF9C16F2DD65004569F2 /* MatchResultsObject.m */; };
		2F56B532170517F70093A976 /* CalculateTeamStats.m in Sources */ = {isa = PBXBuildFile; fileRef = 2F56B531170517F70093A976 /* CalculateTeamStats.m */; };
		2F56B56717052A890093A976 /* CHANGELOG.md in Resources */ = {isa = PBXBuildFile; fileRef = 2F56B53417052A890093A976 /* CHANGELOG.md */; };
		2F56B56817052A890093A976 /* libstackmob-v1.3.0.a in Frameworks */ = {isa = PBXBuildFile; fileRef = 2F56B56617052A890093A976 /* libstackmob-v1.3.0.a */; };
		2F56B56A17052B900093A976 /* CoreLocation.framework in Frameworks */ = {isa = PBXBuildFile; fileRef = 2F56B56917052B900093A976 /* CoreLocation.framework */; };
		2F56B56C17052BB30093A976 /* MobileCoreServices.framework in Frameworks */ = {isa = PBXBuildFile; fileRef = 2F56B56B17052BB30093A976 /* MobileCoreServices.framework */; };
		2F56B56E17052BC80093A976 /* SystemConfiguration.framework in Frameworks */ = {isa = PBXBuildFile; fileRef = 2F56B56D17052BC80093A976 /* SystemConfiguration.framework */; };
		2F56B57017052BDB0093A976 /* Security.framework in Frameworks */ = {isa = PBXBuildFile; fileRef = 2F56B56F17052BDA0093A976 /* Security.framework */; };
		2F56B573170532F60093A976 /* StackMobExportViewController.m in Sources */ = {isa = PBXBuildFile; fileRef = 2F56B572170532F60093A976 /* StackMobExportViewController.m */; };
		2F621F22170CA39F00D2ABD1 /* UltimateAscent.sqlite in Resources */ = {isa = PBXBuildFile; fileRef = 2F621F21170CA39F00D2ABD1 /* UltimateAscent.sqlite */; };
		2F621F25170DE91300D2ABD1 /* iDeviceExportViewController.m in Sources */ = {isa = PBXBuildFile; fileRef = 2F621F24170DE91200D2ABD1 /* iDeviceExportViewController.m */; };
		2F621F28170DEC9F00D2ABD1 /* SyncMatchListViewController.m in Sources */ = {isa = PBXBuildFile; fileRef = 2F621F27170DEC9E00D2ABD1 /* SyncMatchListViewController.m */; };
		2F621F2B170DF2FE00D2ABD1 /* ImportDeviceViewController.m in Sources */ = {isa = PBXBuildFile; fileRef = 2F621F2A170DF2FE00D2ABD1 /* ImportDeviceViewController.m */; };
		2F621F2D170E18CA00D2ABD1 /* UltimateAscent_iphone.storyboard in Resources */ = {isa = PBXBuildFile; fileRef = 2F621F2C170E18CA00D2ABD1 /* UltimateAscent_iphone.storyboard */; };
		2F6AE6F016AD93D1005A24C5 /* 2013_logo.png in Resources */ = {isa = PBXBuildFile; fileRef = 2F6AE6EF16AD93D1005A24C5 /* 2013_logo.png */; };
		2F80CB0617012821000A2BB8 /* TeamRecordObject.m in Sources */ = {isa = PBXBuildFile; fileRef = 2F80CB0517012821000A2BB8 /* TeamRecordObject.m */; };
		2F88649A16B76B1700867385 /* AlliancePickerController.m in Sources */ = {isa = PBXBuildFile; fileRef = 2F88648D16B76B1700867385 /* AlliancePickerController.m */; };
		2F88649B16B76B1700867385 /* MainScoutingPageViewController.m in Sources */ = {isa = PBXBuildFile; fileRef = 2F88648F16B76B1700867385 /* MainScoutingPageViewController.m */; };
		2F88649C16B76B1700867385 /* MatchDetailViewController.m in Sources */ = {isa = PBXBuildFile; fileRef = 2F88649116B76B1700867385 /* MatchDetailViewController.m */; };
		2F88649D16B76B1700867385 /* MatchListViewController.m in Sources */ = {isa = PBXBuildFile; fileRef = 2F88649316B76B1700867385 /* MatchListViewController.m */; };
		2F88649E16B76B1700867385 /* MatchTypePickerController.m in Sources */ = {isa = PBXBuildFile; fileRef = 2F88649516B76B1700867385 /* MatchTypePickerController.m */; };
		2F88649F16B76B1700867385 /* RecordScorePickerController.m in Sources */ = {isa = PBXBuildFile; fileRef = 2F88649716B76B1700867385 /* RecordScorePickerController.m */; };
		2F8864A016B76B1700867385 /* TeamPickerController.m in Sources */ = {isa = PBXBuildFile; fileRef = 2F88649916B76B1700867385 /* TeamPickerController.m */; };
		2F8864A216B76DAB00867385 /* LoadCSVData.m in Sources */ = {isa = PBXBuildFile; fileRef = 2F8864A116B76DAB00867385 /* LoadCSVData.m */; };
		2F8A13FD1703C8DB00866519 /* UltimateAscent.xcdatamodeld in Sources */ = {isa = PBXBuildFile; fileRef = 2F8A13FB1703C8DB00866519 /* UltimateAscent.xcdatamodeld */; };
		2F8A14141703EB0900866519 /* UltimateAscent.xcdatamodeld in Resources */ = {isa = PBXBuildFile; fileRef = 2F8A13FB1703C8DB00866519 /* UltimateAscent.xcdatamodeld */; };
		2F8F8B9E16A24D8C00D3B176 /* CreateTeam.m in Sources */ = {isa = PBXBuildFile; fileRef = 2F8F8B9D16A24D8C00D3B176 /* CreateTeam.m */; };
		2F8FC26016E999E500992F85 /* GameKit.framework in Frameworks */ = {isa = PBXBuildFile; fileRef = 2F8FC25F16E999E500992F85 /* GameKit.framework */; };
		2F9C12DF1708815C005EE9D3 /* TeamData.m in Sources */ = {isa = PBXBuildFile; fileRef = 2F9C12DE1708815C005EE9D3 /* TeamData.m */; };
		2FB29C8316F9620700086C08 /* FieldDrawingViewController.m in Sources */ = {isa = PBXBuildFile; fileRef = 2FB29C8216F9620700086C08 /* FieldDrawingViewController.m */; };
		2FB3A4B816CEC05000E895E5 /* TournamentViewController.m in Sources */ = {isa = PBXBuildFile; fileRef = 2FB3A4B716CEC05000E895E5 /* TournamentViewController.m */; };
		2FB3A4C116CEC17C00E895E5 /* MatchAnalysisViewController.m in Sources */ = {isa = PBXBuildFile; fileRef = 2FB3A4C016CEC17C00E895E5 /* MatchAnalysisViewController.m */; };
		2FB3A4C716CF044C00E895E5 /* RossPageViewController.m in Sources */ = {isa = PBXBuildFile; fileRef = 2FB3A4C616CF044C00E895E5 /* RossPageViewController.m */; };
		2FC18E9516A1F7D100D42251 /* UltimateAscent_ipad.storyboard in Resources */ = {isa = PBXBuildFile; fileRef = 2FC18E9416A1F7D100D42251 /* UltimateAscent_ipad.storyboard */; };
		2FC18EAD16A202FD00D42251 /* parseCSV.m in Sources */ = {isa = PBXBuildFile; fileRef = 2FC18EAB16A202FD00D42251 /* parseCSV.m */; };
		2FC18EAF16A2042000D42251 /* SplashPageViewController.m in Sources */ = {isa = PBXBuildFile; fileRef = 2FC18EAE16A2042000D42251 /* SplashPageViewController.m */; };
		2FC18EEA16A2083500D42251 /* Blue Fade.gif in Resources */ = {isa = PBXBuildFile; fileRef = 2FC18ED816A2083500D42251 /* Blue Fade.gif */; };
		2FC18EEB16A2083500D42251 /* button_robonaut_gold.png in Resources */ = {isa = PBXBuildFile; fileRef = 2FC18ED916A2083500D42251 /* button_robonaut_gold.png */; };
		2FC18EEC16A2083500D42251 /* cell_robonaut_gold.png in Resources */ = {isa = PBXBuildFile; fileRef = 2FC18EDA16A2083500D42251 /* cell_robonaut_gold.png */; };
		2FC18EED16A2083500D42251 /* dataMarker.csv in Resources */ = {isa = PBXBuildFile; fileRef = 2FC18EDB16A2083500D42251 /* dataMarker.csv */; };
		2FC18EF116A2083500D42251 /* Gold Fade.gif in Resources */ = {isa = PBXBuildFile; fileRef = 2FC18EDF16A2083500D42251 /* Gold Fade.gif */; };
		2FC18EF416A2083500D42251 /* nasalization rg.ttf in Resources */ = {isa = PBXBuildFile; fileRef = 2FC18EE216A2083500D42251 /* nasalization rg.ttf */; };
		2FC18EF516A2083500D42251 /* photo.JPG in Resources */ = {isa = PBXBuildFile; fileRef = 2FC18EE316A2083500D42251 /* photo.JPG */; };
		2FC18EF616A2083500D42251 /* R Big Icon.png in Resources */ = {isa = PBXBuildFile; fileRef = 2FC18EE416A2083500D42251 /* R Big Icon.png */; };
		2FC18EF716A2083500D42251 /* R Icon.png in Resources */ = {isa = PBXBuildFile; fileRef = 2FC18EE516A2083500D42251 /* R Icon.png */; };
		2FC18EF916A2083500D42251 /* robonauts button.png in Resources */ = {isa = PBXBuildFile; fileRef = 2FC18EE716A2083500D42251 /* robonauts button.png */; };
		2FC18F0D16A212CE00D42251 /* SetUpPageViewController.m in Sources */ = {isa = PBXBuildFile; fileRef = 2FC18F0C16A212CE00D42251 /* SetUpPageViewController.m */; };
		2FC18F1016A215EA00D42251 /* DownloadPageViewController.m in Sources */ = {isa = PBXBuildFile; fileRef = 2FC18F0F16A215EA00D42251 /* DownloadPageViewController.m */; };
		2FC18F1316A21AA900D42251 /* DataManager.m in Sources */ = {isa = PBXBuildFile; fileRef = 2FC18F1216A21AA900D42251 /* DataManager.m */; };
		2FC3B1E816E8107900DF70F4 /* MessageUI.framework in Frameworks */ = {isa = PBXBuildFile; fileRef = 2FC3B1E716E8107900DF70F4 /* MessageUI.framework */; };
		2FC5D8C916C473820043F68A /* 2013_field.png in Resources */ = {isa = PBXBuildFile; fileRef = 2FC5D8C816C473820043F68A /* 2013_field.png */; };
		2FCE54FA16CC271A00884191 /* Small Blue Button.jpg in Resources */ = {isa = PBXBuildFile; fileRef = 2FCE54F816CC271A00884191 /* Small Blue Button.jpg */; };
		2FCE54FB16CC271A00884191 /* Small Red Button.jpg in Resources */ = {isa = PBXBuildFile; fileRef = 2FCE54F916CC271A00884191 /* Small Red Button.jpg */; };
		2FCE54FD16CC29AB00884191 /* Small Green Button.jpg in Resources */ = {isa = PBXBuildFile; fileRef = 2FCE54FC16CC29AB00884191 /* Small Green Button.jpg */; };
		2FCE54FF16CC29B600884191 /* Small White Button.jpg in Resources */ = {isa = PBXBuildFile; fileRef = 2FCE54FE16CC29B600884191 /* Small White Button.jpg */; };
		2FD5595B16FA61F70099C5D9 /* TeamDetailPickerController.m in Sources */ = {isa = PBXBuildFile; fileRef = 2FD5595A16FA61F70099C5D9 /* TeamDetailPickerController.m */; };
		2FD7E9E716E8C3540075533C /* TeamList.csv in Resources */ = {isa = PBXBuildFile; fileRef = 2FD7E9E616E8C3540075533C /* TeamList.csv */; };
		2FD7E9E916E8DA130075533C /* MatchList.csv in Resources */ = {isa = PBXBuildFile; fileRef = 2FD7E9E816E8DA130075533C /* MatchList.csv */; };
		2FEBE13116F226B40094E2C3 /* MatchResults.csv in Resources */ = {isa = PBXBuildFile; fileRef = 2FEBE13016F226B40094E2C3 /* MatchResults.csv */; };
		2FFAE1B416D29B9600B180F9 /* AlertPromptViewController.m in Sources */ = {isa = PBXBuildFile; fileRef = 2FFAE1B316D29B9600B180F9 /* AlertPromptViewController.m */; };
		2FFAE1BB16D3235600B180F9 /* MatchTypeDictionary.m in Sources */ = {isa = PBXBuildFile; fileRef = 2FFAE1BA16D3235600B180F9 /* MatchTypeDictionary.m */; };
		2FFAE1C816D51BDD00B180F9 /* robonauts app banner original.jpg in Resources */ = {isa = PBXBuildFile; fileRef = 2FFAE1C716D51BDD00B180F9 /* robonauts app banner original.jpg */; };
		2FFD94FA16D1AC5F007052EA /* Small Grey Button.jpg in Resources */ = {isa = PBXBuildFile; fileRef = 2FFD94F916D1AC5F007052EA /* Small Grey Button.jpg */; };
		2FFD94FC16D1ACA1007052EA /* robonauts app banner.jpg in Resources */ = {isa = PBXBuildFile; fileRef = 2FFD94FB16D1ACA1007052EA /* robonauts app banner.jpg */; };
/* End PBXBuildFile section */

/* Begin PBXFileReference section */
		21528C9416AA215800CF7E8E /* CreateMatch.h */ = {isa = PBXFileReference; fileEncoding = 4; lastKnownFileType = sourcecode.c.h; name = CreateMatch.h; path = DataModels/CreateMatch.h; sourceTree = "<group>"; };
		21528C9516AA215800CF7E8E /* CreateMatch.m */ = {isa = PBXFileReference; fileEncoding = 4; lastKnownFileType = sourcecode.c.objc; name = CreateMatch.m; path = DataModels/CreateMatch.m; sourceTree = "<group>"; };
		21EBC7D516B358D000CBFDFD /* TeamDetailViewController.h */ = {isa = PBXFileReference; fileEncoding = 4; lastKnownFileType = sourcecode.c.h; name = TeamDetailViewController.h; path = TeamScouting/TeamDetailViewController.h; sourceTree = "<group>"; };
		21EBC7D616B358D000CBFDFD /* TeamDetailViewController.m */ = {isa = PBXFileReference; fileEncoding = 4; lastKnownFileType = sourcecode.c.objc; lineEnding = 0; name = TeamDetailViewController.m; path = TeamScouting/TeamDetailViewController.m; sourceTree = "<group>"; xcLanguageSpecificationIdentifier = xcode.lang.objc; };
		21F72D5E16A78135000B99AB /* TeamListViewController.h */ = {isa = PBXFileReference; fileEncoding = 4; lastKnownFileType = sourcecode.c.h; name = TeamListViewController.h; path = TeamScouting/TeamListViewController.h; sourceTree = "<group>"; };
		21F72D5F16A78135000B99AB /* TeamListViewController.m */ = {isa = PBXFileReference; fileEncoding = 4; lastKnownFileType = sourcecode.c.objc; name = TeamListViewController.m; path = TeamScouting/TeamListViewController.m; sourceTree = "<group>"; };
		2F0E3A7316D7FB4C00A359D5 /* DefensePickerController.h */ = {isa = PBXFileReference; fileEncoding = 4; lastKnownFileType = sourcecode.c.h; name = DefensePickerController.h; path = MatchScouting/DefensePickerController.h; sourceTree = "<group>"; };
		2F0E3A7416D7FB4D00A359D5 /* DefensePickerController.m */ = {isa = PBXFileReference; fileEncoding = 4; lastKnownFileType = sourcecode.c.objc; name = DefensePickerController.m; path = MatchScouting/DefensePickerController.m; sourceTree = "<group>"; };
		2F12350116FB71E200DBF4B0 /* MasonPageViewController.h */ = {isa = PBXFileReference; fileEncoding = 4; lastKnownFileType = sourcecode.c.h; name = MasonPageViewController.h; path = MatchAnalysis/MasonPageViewController.h; sourceTree = "<group>"; };
		2F12350216FB71E200DBF4B0 /* MasonPageViewController.m */ = {isa = PBXFileReference; fileEncoding = 4; lastKnownFileType = sourcecode.c.objc; name = MasonPageViewController.m; path = MatchAnalysis/MasonPageViewController.m; sourceTree = "<group>"; };
		2F13339D170E20CD006669FF /* iPhoneMainViewController.h */ = {isa = PBXFileReference; fileEncoding = 4; lastKnownFileType = sourcecode.c.h; name = iPhoneMainViewController.h; path = MainApp/iPhoneMainViewController.h; sourceTree = "<group>"; };
		2F13339E170E20CD006669FF /* iPhoneMainViewController.m */ = {isa = PBXFileReference; fileEncoding = 4; lastKnownFileType = sourcecode.c.objc; name = iPhoneMainViewController.m; path = MainApp/iPhoneMainViewController.m; sourceTree = "<group>"; };
		2F17D54716BA092B00DC81C1 /* TournamentList.csv */ = {isa = PBXFileReference; fileEncoding = 4; lastKnownFileType = text; name = TournamentList.csv; path = Resources/TournamentList.csv; sourceTree = "<group>"; };
		2F21C5CD170BCC31008A3C24 /* ImportDataViewController.h */ = {isa = PBXFileReference; fileEncoding = 4; lastKnownFileType = sourcecode.c.h; name = ImportDataViewController.h; path = DataImport/ImportDataViewController.h; sourceTree = "<group>"; };
		2F21C5CE170BCC31008A3C24 /* ImportDataViewController.m */ = {isa = PBXFileReference; fileEncoding = 4; lastKnownFileType = sourcecode.c.objc; name = ImportDataViewController.m; path = DataImport/ImportDataViewController.m; sourceTree = "<group>"; };
		2F21C5D0170BCDCB008A3C24 /* StackMobImportViewController.h */ = {isa = PBXFileReference; fileEncoding = 4; lastKnownFileType = sourcecode.c.h; name = StackMobImportViewController.h; path = DataImport/StackMobImportViewController.h; sourceTree = "<group>"; };
		2F21C5D1170BCDCB008A3C24 /* StackMobImportViewController.m */ = {isa = PBXFileReference; fileEncoding = 4; lastKnownFileType = sourcecode.c.objc; name = StackMobImportViewController.m; path = DataImport/StackMobImportViewController.m; sourceTree = "<group>"; };
		2F30EAB716A0EB4F0026B258 /* UltimateAscent.app */ = {isa = PBXFileReference; explicitFileType = wrapper.application; includeInIndex = 0; path = UltimateAscent.app; sourceTree = BUILT_PRODUCTS_DIR; };
		2F30EABB16A0EB4F0026B258 /* UIKit.framework */ = {isa = PBXFileReference; lastKnownFileType = wrapper.framework; name = UIKit.framework; path = System/Library/Frameworks/UIKit.framework; sourceTree = SDKROOT; };
		2F30EABD16A0EB4F0026B258 /* Foundation.framework */ = {isa = PBXFileReference; lastKnownFileType = wrapper.framework; name = Foundation.framework; path = System/Library/Frameworks/Foundation.framework; sourceTree = SDKROOT; };
		2F30EABF16A0EB4F0026B258 /* CoreGraphics.framework */ = {isa = PBXFileReference; lastKnownFileType = wrapper.framework; name = CoreGraphics.framework; path = System/Library/Frameworks/CoreGraphics.framework; sourceTree = SDKROOT; };
		2F30EAC116A0EB4F0026B258 /* CoreData.framework */ = {isa = PBXFileReference; lastKnownFileType = wrapper.framework; name = CoreData.framework; path = System/Library/Frameworks/CoreData.framework; sourceTree = SDKROOT; };
		2F30EAC716A0EB4F0026B258 /* en */ = {isa = PBXFileReference; lastKnownFileType = text.plist.strings; name = en; path = en.lproj/InfoPlist.strings; sourceTree = "<group>"; };
		2F30EAE416A100060026B258 /* Default.png */ = {isa = PBXFileReference; lastKnownFileType = image.png; name = Default.png; path = Resources/Default.png; sourceTree = "<group>"; };
		2F30EAE616A100170026B258 /* Default@2x.png */ = {isa = PBXFileReference; lastKnownFileType = image.png; name = "Default@2x.png"; path = "Resources/Default@2x.png"; sourceTree = "<group>"; };
		2F30EAE816A100250026B258 /* Default-568h@2x.png */ = {isa = PBXFileReference; lastKnownFileType = image.png; name = "Default-568h@2x.png"; path = "Resources/Default-568h@2x.png"; sourceTree = "<group>"; };
		2F30EAEA16A100850026B258 /* main.m */ = {isa = PBXFileReference; fileEncoding = 4; lastKnownFileType = sourcecode.c.objc; name = main.m; path = MainApp/main.m; sourceTree = "<group>"; };
		2F30EAEC16A101570026B258 /* AppDelegate.h */ = {isa = PBXFileReference; fileEncoding = 4; lastKnownFileType = sourcecode.c.h; name = AppDelegate.h; path = MainApp/AppDelegate.h; sourceTree = "<group>"; };
		2F30EAED16A101AB0026B258 /* AppDelegate.m */ = {isa = PBXFileReference; fileEncoding = 4; lastKnownFileType = sourcecode.c.objc; name = AppDelegate.m; path = MainApp/AppDelegate.m; sourceTree = "<group>"; };
		2F32A76C1706787D00100705 /* MatchData.h */ = {isa = PBXFileReference; fileEncoding = 4; lastKnownFileType = sourcecode.c.h; name = MatchData.h; path = DataModels/MatchData.h; sourceTree = "<group>"; };
		2F32A76D1706787D00100705 /* MatchData.m */ = {isa = PBXFileReference; fileEncoding = 4; lastKnownFileType = sourcecode.c.objc; name = MatchData.m; path = DataModels/MatchData.m; sourceTree = "<group>"; };
		2F32A76F1706788F00100705 /* Regional.h */ = {isa = PBXFileReference; fileEncoding = 4; lastKnownFileType = sourcecode.c.h; name = Regional.h; path = DataModels/Regional.h; sourceTree = "<group>"; };
		2F32A7701706788F00100705 /* Regional.m */ = {isa = PBXFileReference; fileEncoding = 4; lastKnownFileType = sourcecode.c.objc; name = Regional.m; path = DataModels/Regional.m; sourceTree = "<group>"; };
		2F32A7721706789B00100705 /* SettingsData.h */ = {isa = PBXFileReference; fileEncoding = 4; lastKnownFileType = sourcecode.c.h; name = SettingsData.h; path = DataModels/SettingsData.h; sourceTree = "<group>"; };
		2F32A7731706789B00100705 /* SettingsData.m */ = {isa = PBXFileReference; fileEncoding = 4; lastKnownFileType = sourcecode.c.objc; name = SettingsData.m; path = DataModels/SettingsData.m; sourceTree = "<group>"; };
		2F32A775170678AD00100705 /* Statistics.h */ = {isa = PBXFileReference; fileEncoding = 4; lastKnownFileType = sourcecode.c.h; name = Statistics.h; path = DataModels/Statistics.h; sourceTree = "<group>"; };
		2F32A776170678AD00100705 /* Statistics.m */ = {isa = PBXFileReference; fileEncoding = 4; lastKnownFileType = sourcecode.c.objc; name = Statistics.m; path = DataModels/Statistics.m; sourceTree = "<group>"; };
		2F32A77B170678D700100705 /* TeamScore.h */ = {isa = PBXFileReference; fileEncoding = 4; lastKnownFileType = sourcecode.c.h; name = TeamScore.h; path = DataModels/TeamScore.h; sourceTree = "<group>"; };
		2F32A77C170678D700100705 /* TeamScore.m */ = {isa = PBXFileReference; fileEncoding = 4; lastKnownFileType = sourcecode.c.objc; name = TeamScore.m; path = DataModels/TeamScore.m; sourceTree = "<group>"; };
		2F32A77E170678E500100705 /* TournamentData.h */ = {isa = PBXFileReference; fileEncoding = 4; lastKnownFileType = sourcecode.c.h; name = TournamentData.h; path = DataModels/TournamentData.h; sourceTree = "<group>"; };
		2F32A77F170678E500100705 /* TournamentData.m */ = {isa = PBXFileReference; fileEncoding = 4; lastKnownFileType = sourcecode.c.objc; name = TournamentData.m; path = DataModels/TournamentData.m; sourceTree = "<group>"; };
		2F32A7811707336500100705 /* SMTournamentObject.h */ = {isa = PBXFileReference; fileEncoding = 4; lastKnownFileType = sourcecode.c.h; name = SMTournamentObject.h; path = DataTransfer/SMTournamentObject.h; sourceTree = "<group>"; };
		2F32A7821707336500100705 /* SMTournamentObject.m */ = {isa = PBXFileReference; fileEncoding = 4; lastKnownFileType = sourcecode.c.objc; name = SMTournamentObject.m; path = DataTransfer/SMTournamentObject.m; sourceTree = "<group>"; };
		2F32A7841707771A00100705 /* SMTeamDataObject.h */ = {isa = PBXFileReference; fileEncoding = 4; lastKnownFileType = sourcecode.c.h; name = SMTeamDataObject.h; path = DataTransfer/SMTeamDataObject.h; sourceTree = "<group>"; };
		2F32A7851707771A00100705 /* SMTeamDataObject.m */ = {isa = PBXFileReference; fileEncoding = 4; lastKnownFileType = sourcecode.c.objc; name = SMTeamDataObject.m; path = DataTransfer/SMTeamDataObject.m; sourceTree = "<group>"; };
		2F43A1C916E4F219005CAFD9 /* AddMatchViewController.h */ = {isa = PBXFileReference; fileEncoding = 4; lastKnownFileType = sourcecode.c.h; name = AddMatchViewController.h; path = MatchScouting/AddMatchViewController.h; sourceTree = "<group>"; };
		2F43A1CA16E4F219005CAFD9 /* AddMatchViewController.m */ = {isa = PBXFileReference; fileEncoding = 4; lastKnownFileType = sourcecode.c.objc; name = AddMatchViewController.m; path = MatchScouting/AddMatchViewController.m; sourceTree = "<group>"; };
		2F47E38316DFE17300609A3E /* TournamentPickerController.h */ = {isa = PBXFileReference; fileEncoding = 4; lastKnownFileType = sourcecode.c.h; name = TournamentPickerController.h; path = SetUp/TournamentPickerController.h; sourceTree = "<group>"; };
		2F47E38416DFE17400609A3E /* TournamentPickerController.m */ = {isa = PBXFileReference; fileEncoding = 4; lastKnownFileType = sourcecode.c.objc; name = TournamentPickerController.m; path = SetUp/TournamentPickerController.m; sourceTree = "<group>"; };
		2F4CD04217122E1600428859 /* PopUpPickerViewController.h */ = {isa = PBXFileReference; fileEncoding = 4; lastKnownFileType = sourcecode.c.h; name = PopUpPickerViewController.h; path = Utilities/PopUpPickerViewController.h; sourceTree = "<group>"; };
		2F4CD04317122E1600428859 /* PopUpPickerViewController.m */ = {isa = PBXFileReference; fileEncoding = 4; lastKnownFileType = sourcecode.c.objc; name = PopUpPickerViewController.m; path = Utilities/PopUpPickerViewController.m; sourceTree = "<group>"; };
		2F4E01E916BA103E0092DC86 /* CreateTournament.h */ = {isa = PBXFileReference; fileEncoding = 4; lastKnownFileType = sourcecode.c.h; name = CreateTournament.h; path = DataModels/CreateTournament.h; sourceTree = "<group>"; };
		2F4E01EA16BA103E0092DC86 /* CreateTournament.m */ = {isa = PBXFileReference; fileEncoding = 4; lastKnownFileType = sourcecode.c.objc; name = CreateTournament.m; path = DataModels/CreateTournament.m; sourceTree = "<group>"; };
		2F4E01EC16BA10560092DC86 /* CreateSettings.h */ = {isa = PBXFileReference; fileEncoding = 4; lastKnownFileType = sourcecode.c.h; name = CreateSettings.h; path = DataModels/CreateSettings.h; sourceTree = "<group>"; };
		2F4E01ED16BA10560092DC86 /* CreateSettings.m */ = {isa = PBXFileReference; fileEncoding = 4; lastKnownFileType = sourcecode.c.objc; name = CreateSettings.m; path = DataModels/CreateSettings.m; sourceTree = "<group>"; };
		2F4E01EF16BA10C80092DC86 /* Settings.csv */ = {isa = PBXFileReference; fileEncoding = 4; lastKnownFileType = text; name = Settings.csv; path = Resources/Settings.csv; sourceTree = "<group>"; };
		2F50BF9816F2D7A9004569F2 /* SyncResultsViewController.h */ = {isa = PBXFileReference; fileEncoding = 4; lastKnownFileType = sourcecode.c.h; name = SyncResultsViewController.h; path = DataTransfer/SyncResultsViewController.h; sourceTree = "<group>"; };
		2F50BF9916F2D7A9004569F2 /* SyncResultsViewController.m */ = {isa = PBXFileReference; fileEncoding = 4; lastKnownFileType = sourcecode.c.objc; name = SyncResultsViewController.m; path = DataTransfer/SyncResultsViewController.m; sourceTree = "<group>"; };
		2F50BF9B16F2DD65004569F2 /* MatchResultsObject.h */ = {isa = PBXFileReference; fileEncoding = 4; lastKnownFileType = sourcecode.c.h; name = MatchResultsObject.h; path = DataTransfer/MatchResultsObject.h; sourceTree = "<group>"; };
		2F50BF9C16F2DD65004569F2 /* MatchResultsObject.m */ = {isa = PBXFileReference; fileEncoding = 4; lastKnownFileType = sourcecode.c.objc; name = MatchResultsObject.m; path = DataTransfer/MatchResultsObject.m; sourceTree = "<group>"; };
		2F56B530170517F70093A976 /* CalculateTeamStats.h */ = {isa = PBXFileReference; fileEncoding = 4; lastKnownFileType = sourcecode.c.h; name = CalculateTeamStats.h; path = MatchAnalysis/CalculateTeamStats.h; sourceTree = "<group>"; };
		2F56B531170517F70093A976 /* CalculateTeamStats.m */ = {isa = PBXFileReference; fileEncoding = 4; lastKnownFileType = sourcecode.c.objc; name = CalculateTeamStats.m; path = MatchAnalysis/CalculateTeamStats.m; sourceTree = "<group>"; };
		2F56B53417052A890093A976 /* CHANGELOG.md */ = {isa = PBXFileReference; fileEncoding = 4; lastKnownFileType = text; path = CHANGELOG.md; sourceTree = "<group>"; };
		2F56B53617052A890093A976 /* AFHTTPClient+StackMob.h */ = {isa = PBXFileReference; fileEncoding = 4; lastKnownFileType = sourcecode.c.h; path = "AFHTTPClient+StackMob.h"; sourceTree = "<group>"; };
		2F56B53717052A890093A976 /* AFHTTPClient.h */ = {isa = PBXFileReference; fileEncoding = 4; lastKnownFileType = sourcecode.c.h; path = AFHTTPClient.h; sourceTree = "<group>"; };
		2F56B53817052A890093A976 /* AFHTTPRequestOperation.h */ = {isa = PBXFileReference; fileEncoding = 4; lastKnownFileType = sourcecode.c.h; path = AFHTTPRequestOperation.h; sourceTree = "<group>"; };
		2F56B53917052A890093A976 /* AFImageRequestOperation.h */ = {isa = PBXFileReference; fileEncoding = 4; lastKnownFileType = sourcecode.c.h; path = AFImageRequestOperation.h; sourceTree = "<group>"; };
		2F56B53A17052A890093A976 /* AFJSONRequestOperation.h */ = {isa = PBXFileReference; fileEncoding = 4; lastKnownFileType = sourcecode.c.h; path = AFJSONRequestOperation.h; sourceTree = "<group>"; };
		2F56B53B17052A890093A976 /* AFNetworkActivityIndicatorManager.h */ = {isa = PBXFileReference; fileEncoding = 4; lastKnownFileType = sourcecode.c.h; path = AFNetworkActivityIndicatorManager.h; sourceTree = "<group>"; };
		2F56B53C17052A890093A976 /* AFNetworking.h */ = {isa = PBXFileReference; fileEncoding = 4; lastKnownFileType = sourcecode.c.h; path = AFNetworking.h; sourceTree = "<group>"; };
		2F56B53D17052A890093A976 /* AFPropertyListRequestOperation.h */ = {isa = PBXFileReference; fileEncoding = 4; lastKnownFileType = sourcecode.c.h; path = AFPropertyListRequestOperation.h; sourceTree = "<group>"; };
		2F56B53E17052A890093A976 /* AFURLConnectionOperation.h */ = {isa = PBXFileReference; fileEncoding = 4; lastKnownFileType = sourcecode.c.h; path = AFURLConnectionOperation.h; sourceTree = "<group>"; };
		2F56B53F17052A890093A976 /* AFXMLRequestOperation.h */ = {isa = PBXFileReference; fileEncoding = 4; lastKnownFileType = sourcecode.c.h; path = AFXMLRequestOperation.h; sourceTree = "<group>"; };
		2F56B54017052A890093A976 /* Base64EncodedStringFromData.h */ = {isa = PBXFileReference; fileEncoding = 4; lastKnownFileType = sourcecode.c.h; path = Base64EncodedStringFromData.h; sourceTree = "<group>"; };
		2F56B54117052A890093A976 /* Common.h */ = {isa = PBXFileReference; fileEncoding = 4; lastKnownFileType = sourcecode.c.h; path = Common.h; sourceTree = "<group>"; };
		2F56B54217052A890093A976 /* KeychainWrapper.h */ = {isa = PBXFileReference; fileEncoding = 4; lastKnownFileType = sourcecode.c.h; path = KeychainWrapper.h; sourceTree = "<group>"; };
		2F56B54317052A890093A976 /* NSArray+Enumerable.h */ = {isa = PBXFileReference; fileEncoding = 4; lastKnownFileType = sourcecode.c.h; path = "NSArray+Enumerable.h"; sourceTree = "<group>"; };
		2F56B54417052A890093A976 /* NSDictionary+AtomicCounter.h */ = {isa = PBXFileReference; fileEncoding = 4; lastKnownFileType = sourcecode.c.h; path = "NSDictionary+AtomicCounter.h"; sourceTree = "<group>"; };
		2F56B54517052A890093A976 /* NSEntityDescription+StackMobSerialization.h */ = {isa = PBXFileReference; fileEncoding = 4; lastKnownFileType = sourcecode.c.h; path = "NSEntityDescription+StackMobSerialization.h"; sourceTree = "<group>"; };
		2F56B54617052A890093A976 /* NSManagedObject+StackMobSerialization.h */ = {isa = PBXFileReference; fileEncoding = 4; lastKnownFileType = sourcecode.c.h; path = "NSManagedObject+StackMobSerialization.h"; sourceTree = "<group>"; };
		2F56B54717052A890093A976 /* NSManagedObjectContext+Concurrency.h */ = {isa = PBXFileReference; fileEncoding = 4; lastKnownFileType = sourcecode.c.h; path = "NSManagedObjectContext+Concurrency.h"; sourceTree = "<group>"; };
		2F56B54817052A890093A976 /* SMBinaryDataConversion.h */ = {isa = PBXFileReference; fileEncoding = 4; lastKnownFileType = sourcecode.c.h; path = SMBinaryDataConversion.h; sourceTree = "<group>"; };
		2F56B54917052A890093A976 /* SMClient.h */ = {isa = PBXFileReference; fileEncoding = 4; lastKnownFileType = sourcecode.c.h; path = SMClient.h; sourceTree = "<group>"; };
		2F56B54A17052A890093A976 /* SMCoreDataStore.h */ = {isa = PBXFileReference; fileEncoding = 4; lastKnownFileType = sourcecode.c.h; path = SMCoreDataStore.h; sourceTree = "<group>"; };
		2F56B54B17052A890093A976 /* SMCustomCodeRequest.h */ = {isa = PBXFileReference; fileEncoding = 4; lastKnownFileType = sourcecode.c.h; path = SMCustomCodeRequest.h; sourceTree = "<group>"; };
		2F56B54C17052A890093A976 /* SMDataStore+Protected.h */ = {isa = PBXFileReference; fileEncoding = 4; lastKnownFileType = sourcecode.c.h; path = "SMDataStore+Protected.h"; sourceTree = "<group>"; };
		2F56B54D17052A890093A976 /* SMDataStore.h */ = {isa = PBXFileReference; fileEncoding = 4; lastKnownFileType = sourcecode.c.h; path = SMDataStore.h; sourceTree = "<group>"; };
		2F56B54E17052A890093A976 /* SMError.h */ = {isa = PBXFileReference; fileEncoding = 4; lastKnownFileType = sourcecode.c.h; path = SMError.h; sourceTree = "<group>"; };
		2F56B54F17052A890093A976 /* SMGeoPoint.h */ = {isa = PBXFileReference; fileEncoding = 4; lastKnownFileType = sourcecode.c.h; path = SMGeoPoint.h; sourceTree = "<group>"; };
		2F56B55017052A890093A976 /* SMIncrementalStore+Query.h */ = {isa = PBXFileReference; fileEncoding = 4; lastKnownFileType = sourcecode.c.h; path = "SMIncrementalStore+Query.h"; sourceTree = "<group>"; };
		2F56B55117052A890093A976 /* SMIncrementalStore.h */ = {isa = PBXFileReference; fileEncoding = 4; lastKnownFileType = sourcecode.c.h; path = SMIncrementalStore.h; sourceTree = "<group>"; };
		2F56B55217052A890093A976 /* SMIncrementalStoreNode.h */ = {isa = PBXFileReference; fileEncoding = 4; lastKnownFileType = sourcecode.c.h; path = SMIncrementalStoreNode.h; sourceTree = "<group>"; };
		2F56B55317052A890093A976 /* SMJSONRequestOperation.h */ = {isa = PBXFileReference; fileEncoding = 4; lastKnownFileType = sourcecode.c.h; path = SMJSONRequestOperation.h; sourceTree = "<group>"; };
		2F56B55417052A890093A976 /* SMLocationManager.h */ = {isa = PBXFileReference; fileEncoding = 4; lastKnownFileType = sourcecode.c.h; path = SMLocationManager.h; sourceTree = "<group>"; };
		2F56B55517052A890093A976 /* SMNetworkReachability.h */ = {isa = PBXFileReference; fileEncoding = 4; lastKnownFileType = sourcecode.c.h; path = SMNetworkReachability.h; sourceTree = "<group>"; };
		2F56B55617052A890093A976 /* SMOAuth1Client.h */ = {isa = PBXFileReference; fileEncoding = 4; lastKnownFileType = sourcecode.c.h; path = SMOAuth1Client.h; sourceTree = "<group>"; };
		2F56B55717052A890093A976 /* SMOAuth2Client.h */ = {isa = PBXFileReference; fileEncoding = 4; lastKnownFileType = sourcecode.c.h; path = SMOAuth2Client.h; sourceTree = "<group>"; };
		2F56B55817052A890093A976 /* SMPredicate.h */ = {isa = PBXFileReference; fileEncoding = 4; lastKnownFileType = sourcecode.c.h; path = SMPredicate.h; sourceTree = "<group>"; };
		2F56B55917052A890093A976 /* SMPushClient.h */ = {isa = PBXFileReference; fileEncoding = 4; lastKnownFileType = sourcecode.c.h; path = SMPushClient.h; sourceTree = "<group>"; };
		2F56B55A17052A890093A976 /* SMPushToken.h */ = {isa = PBXFileReference; fileEncoding = 4; lastKnownFileType = sourcecode.c.h; path = SMPushToken.h; sourceTree = "<group>"; };
		2F56B55B17052A890093A976 /* SMQuery.h */ = {isa = PBXFileReference; fileEncoding = 4; lastKnownFileType = sourcecode.c.h; path = SMQuery.h; sourceTree = "<group>"; };
		2F56B55C17052A890093A976 /* SMRequestOptions.h */ = {isa = PBXFileReference; fileEncoding = 4; lastKnownFileType = sourcecode.c.h; path = SMRequestOptions.h; sourceTree = "<group>"; };
		2F56B55D17052A890093A976 /* SMResponseBlocks.h */ = {isa = PBXFileReference; fileEncoding = 4; lastKnownFileType = sourcecode.c.h; path = SMResponseBlocks.h; sourceTree = "<group>"; };
		2F56B55E17052A890093A976 /* SMUserManagedObject.h */ = {isa = PBXFileReference; fileEncoding = 4; lastKnownFileType = sourcecode.c.h; path = SMUserManagedObject.h; sourceTree = "<group>"; };
		2F56B55F17052A890093A976 /* SMUserSession.h */ = {isa = PBXFileReference; fileEncoding = 4; lastKnownFileType = sourcecode.c.h; path = SMUserSession.h; sourceTree = "<group>"; };
		2F56B56017052A890093A976 /* SMVersion.h */ = {isa = PBXFileReference; fileEncoding = 4; lastKnownFileType = sourcecode.c.h; path = SMVersion.h; sourceTree = "<group>"; };
		2F56B56117052A890093A976 /* StackMob.h */ = {isa = PBXFileReference; fileEncoding = 4; lastKnownFileType = sourcecode.c.h; path = StackMob.h; sourceTree = "<group>"; };
		2F56B56217052A890093A976 /* StackMobPush.h */ = {isa = PBXFileReference; fileEncoding = 4; lastKnownFileType = sourcecode.c.h; path = StackMobPush.h; sourceTree = "<group>"; };
		2F56B56317052A890093A976 /* Synchronization.h */ = {isa = PBXFileReference; fileEncoding = 4; lastKnownFileType = sourcecode.c.h; path = Synchronization.h; sourceTree = "<group>"; };
		2F56B56417052A890093A976 /* SystemInformation.h */ = {isa = PBXFileReference; fileEncoding = 4; lastKnownFileType = sourcecode.c.h; path = SystemInformation.h; sourceTree = "<group>"; };
		2F56B56517052A890093A976 /* UIImageView+AFNetworking.h */ = {isa = PBXFileReference; fileEncoding = 4; lastKnownFileType = sourcecode.c.h; path = "UIImageView+AFNetworking.h"; sourceTree = "<group>"; };
		2F56B56617052A890093A976 /* libstackmob-v1.3.0.a */ = {isa = PBXFileReference; lastKnownFileType = archive.ar; path = "libstackmob-v1.3.0.a"; sourceTree = "<group>"; };
		2F56B56917052B900093A976 /* CoreLocation.framework */ = {isa = PBXFileReference; lastKnownFileType = wrapper.framework; name = CoreLocation.framework; path = System/Library/Frameworks/CoreLocation.framework; sourceTree = SDKROOT; };
		2F56B56B17052BB30093A976 /* MobileCoreServices.framework */ = {isa = PBXFileReference; lastKnownFileType = wrapper.framework; name = MobileCoreServices.framework; path = System/Library/Frameworks/MobileCoreServices.framework; sourceTree = SDKROOT; };
		2F56B56D17052BC80093A976 /* SystemConfiguration.framework */ = {isa = PBXFileReference; lastKnownFileType = wrapper.framework; name = SystemConfiguration.framework; path = System/Library/Frameworks/SystemConfiguration.framework; sourceTree = SDKROOT; };
		2F56B56F17052BDA0093A976 /* Security.framework */ = {isa = PBXFileReference; lastKnownFileType = wrapper.framework; name = Security.framework; path = System/Library/Frameworks/Security.framework; sourceTree = SDKROOT; };
		2F56B571170532F60093A976 /* StackMobExportViewController.h */ = {isa = PBXFileReference; fileEncoding = 4; lastKnownFileType = sourcecode.c.h; name = StackMobExportViewController.h; path = DataExport/StackMobExportViewController.h; sourceTree = "<group>"; };
		2F56B572170532F60093A976 /* StackMobExportViewController.m */ = {isa = PBXFileReference; fileEncoding = 4; lastKnownFileType = sourcecode.c.objc; name = StackMobExportViewController.m; path = DataExport/StackMobExportViewController.m; sourceTree = "<group>"; };
		2F621F21170CA39F00D2ABD1 /* UltimateAscent.sqlite */ = {isa = PBXFileReference; lastKnownFileType = file; name = UltimateAscent.sqlite; path = Resources/UltimateAscent.sqlite; sourceTree = "<group>"; };
		2F621F23170DE91200D2ABD1 /* iDeviceExportViewController.h */ = {isa = PBXFileReference; fileEncoding = 4; lastKnownFileType = sourcecode.c.h; name = iDeviceExportViewController.h; path = DataExport/iDeviceExportViewController.h; sourceTree = "<group>"; };
		2F621F24170DE91200D2ABD1 /* iDeviceExportViewController.m */ = {isa = PBXFileReference; fileEncoding = 4; lastKnownFileType = sourcecode.c.objc; name = iDeviceExportViewController.m; path = DataExport/iDeviceExportViewController.m; sourceTree = "<group>"; };
		2F621F26170DEC9E00D2ABD1 /* SyncMatchListViewController.h */ = {isa = PBXFileReference; fileEncoding = 4; lastKnownFileType = sourcecode.c.h; name = SyncMatchListViewController.h; path = DataTransfer/SyncMatchListViewController.h; sourceTree = "<group>"; };
		2F621F27170DEC9E00D2ABD1 /* SyncMatchListViewController.m */ = {isa = PBXFileReference; fileEncoding = 4; lastKnownFileType = sourcecode.c.objc; name = SyncMatchListViewController.m; path = DataTransfer/SyncMatchListViewController.m; sourceTree = "<group>"; };
		2F621F29170DF2FE00D2ABD1 /* ImportDeviceViewController.h */ = {isa = PBXFileReference; fileEncoding = 4; lastKnownFileType = sourcecode.c.h; name = ImportDeviceViewController.h; path = DataImport/ImportDeviceViewController.h; sourceTree = "<group>"; };
		2F621F2A170DF2FE00D2ABD1 /* ImportDeviceViewController.m */ = {isa = PBXFileReference; fileEncoding = 4; lastKnownFileType = sourcecode.c.objc; name = ImportDeviceViewController.m; path = DataImport/ImportDeviceViewController.m; sourceTree = "<group>"; };
		2F621F2C170E18CA00D2ABD1 /* UltimateAscent_iphone.storyboard */ = {isa = PBXFileReference; fileEncoding = 4; lastKnownFileType = file.storyboard; name = UltimateAscent_iphone.storyboard; path = MainApp/UltimateAscent_iphone.storyboard; sourceTree = "<group>"; };
		2F6AE6EF16AD93D1005A24C5 /* 2013_logo.png */ = {isa = PBXFileReference; lastKnownFileType = image.png; name = 2013_logo.png; path = Resources/2013_logo.png; sourceTree = "<group>"; };
		2F80CB0417012821000A2BB8 /* TeamRecordObject.h */ = {isa = PBXFileReference; fileEncoding = 4; lastKnownFileType = sourcecode.c.h; name = TeamRecordObject.h; path = DataTransfer/TeamRecordObject.h; sourceTree = "<group>"; };
		2F80CB0517012821000A2BB8 /* TeamRecordObject.m */ = {isa = PBXFileReference; fileEncoding = 4; lastKnownFileType = sourcecode.c.objc; name = TeamRecordObject.m; path = DataTransfer/TeamRecordObject.m; sourceTree = "<group>"; };
		2F88648C16B76B1700867385 /* AlliancePickerController.h */ = {isa = PBXFileReference; fileEncoding = 4; lastKnownFileType = sourcecode.c.h; name = AlliancePickerController.h; path = MatchScouting/AlliancePickerController.h; sourceTree = "<group>"; };
		2F88648D16B76B1700867385 /* AlliancePickerController.m */ = {isa = PBXFileReference; fileEncoding = 4; lastKnownFileType = sourcecode.c.objc; name = AlliancePickerController.m; path = MatchScouting/AlliancePickerController.m; sourceTree = "<group>"; };
		2F88648E16B76B1700867385 /* MainScoutingPageViewController.h */ = {isa = PBXFileReference; fileEncoding = 4; lastKnownFileType = sourcecode.c.h; name = MainScoutingPageViewController.h; path = MatchScouting/MainScoutingPageViewController.h; sourceTree = "<group>"; };
		2F88648F16B76B1700867385 /* MainScoutingPageViewController.m */ = {isa = PBXFileReference; fileEncoding = 4; lastKnownFileType = sourcecode.c.objc; name = MainScoutingPageViewController.m; path = MatchScouting/MainScoutingPageViewController.m; sourceTree = "<group>"; };
		2F88649016B76B1700867385 /* MatchDetailViewController.h */ = {isa = PBXFileReference; fileEncoding = 4; lastKnownFileType = sourcecode.c.h; name = MatchDetailViewController.h; path = MatchScouting/MatchDetailViewController.h; sourceTree = "<group>"; };
		2F88649116B76B1700867385 /* MatchDetailViewController.m */ = {isa = PBXFileReference; fileEncoding = 4; lastKnownFileType = sourcecode.c.objc; name = MatchDetailViewController.m; path = MatchScouting/MatchDetailViewController.m; sourceTree = "<group>"; };
		2F88649216B76B1700867385 /* MatchListViewController.h */ = {isa = PBXFileReference; fileEncoding = 4; lastKnownFileType = sourcecode.c.h; name = MatchListViewController.h; path = MatchScouting/MatchListViewController.h; sourceTree = "<group>"; };
		2F88649316B76B1700867385 /* MatchListViewController.m */ = {isa = PBXFileReference; fileEncoding = 4; lastKnownFileType = sourcecode.c.objc; name = MatchListViewController.m; path = MatchScouting/MatchListViewController.m; sourceTree = "<group>"; };
		2F88649416B76B1700867385 /* MatchTypePickerController.h */ = {isa = PBXFileReference; fileEncoding = 4; lastKnownFileType = sourcecode.c.h; name = MatchTypePickerController.h; path = MatchScouting/MatchTypePickerController.h; sourceTree = "<group>"; };
		2F88649516B76B1700867385 /* MatchTypePickerController.m */ = {isa = PBXFileReference; fileEncoding = 4; lastKnownFileType = sourcecode.c.objc; name = MatchTypePickerController.m; path = MatchScouting/MatchTypePickerController.m; sourceTree = "<group>"; };
		2F88649616B76B1700867385 /* RecordScorePickerController.h */ = {isa = PBXFileReference; fileEncoding = 4; lastKnownFileType = sourcecode.c.h; name = RecordScorePickerController.h; path = MatchScouting/RecordScorePickerController.h; sourceTree = "<group>"; };
		2F88649716B76B1700867385 /* RecordScorePickerController.m */ = {isa = PBXFileReference; fileEncoding = 4; lastKnownFileType = sourcecode.c.objc; name = RecordScorePickerController.m; path = MatchScouting/RecordScorePickerController.m; sourceTree = "<group>"; };
		2F88649816B76B1700867385 /* TeamPickerController.h */ = {isa = PBXFileReference; fileEncoding = 4; lastKnownFileType = sourcecode.c.h; name = TeamPickerController.h; path = MatchScouting/TeamPickerController.h; sourceTree = "<group>"; };
		2F88649916B76B1700867385 /* TeamPickerController.m */ = {isa = PBXFileReference; fileEncoding = 4; lastKnownFileType = sourcecode.c.objc; name = TeamPickerController.m; path = MatchScouting/TeamPickerController.m; sourceTree = "<group>"; };
		2F8864A116B76DAB00867385 /* LoadCSVData.m */ = {isa = PBXFileReference; fileEncoding = 4; lastKnownFileType = sourcecode.c.objc; name = LoadCSVData.m; path = DataImport/LoadCSVData.m; sourceTree = "<group>"; };
		2F8A13FC1703C8DB00866519 /* UltimateAscent.xcdatamodel */ = {isa = PBXFileReference; lastKnownFileType = wrapper.xcdatamodel; path = UltimateAscent.xcdatamodel; sourceTree = "<group>"; };
		2F8A13FE1703C98D00866519 /* UltimateAscent 2.xcdatamodel */ = {isa = PBXFileReference; lastKnownFileType = wrapper.xcdatamodel; path = "UltimateAscent 2.xcdatamodel"; sourceTree = "<group>"; };
		2F8F8B9C16A24D8C00D3B176 /* CreateTeam.h */ = {isa = PBXFileReference; fileEncoding = 4; lastKnownFileType = sourcecode.c.h; name = CreateTeam.h; path = DataModels/CreateTeam.h; sourceTree = "<group>"; };
		2F8F8B9D16A24D8C00D3B176 /* CreateTeam.m */ = {isa = PBXFileReference; fileEncoding = 4; lastKnownFileType = sourcecode.c.objc; name = CreateTeam.m; path = DataModels/CreateTeam.m; sourceTree = "<group>"; };
		2F8FC25F16E999E500992F85 /* GameKit.framework */ = {isa = PBXFileReference; lastKnownFileType = wrapper.framework; name = GameKit.framework; path = System/Library/Frameworks/GameKit.framework; sourceTree = SDKROOT; };
		2F9C12DC170880C9005EE9D3 /* UltimateAscent 3.xcdatamodel */ = {isa = PBXFileReference; lastKnownFileType = wrapper.xcdatamodel; path = "UltimateAscent 3.xcdatamodel"; sourceTree = "<group>"; };
		2F9C12DD1708815C005EE9D3 /* TeamData.h */ = {isa = PBXFileReference; fileEncoding = 4; lastKnownFileType = sourcecode.c.h; name = TeamData.h; path = DataModels/TeamData.h; sourceTree = "<group>"; };
		2F9C12DE1708815C005EE9D3 /* TeamData.m */ = {isa = PBXFileReference; fileEncoding = 4; lastKnownFileType = sourcecode.c.objc; name = TeamData.m; path = DataModels/TeamData.m; sourceTree = "<group>"; };
		2FB29C8116F9620700086C08 /* FieldDrawingViewController.h */ = {isa = PBXFileReference; fileEncoding = 4; lastKnownFileType = sourcecode.c.h; name = FieldDrawingViewController.h; path = MatchAnalysis/FieldDrawingViewController.h; sourceTree = "<group>"; };
		2FB29C8216F9620700086C08 /* FieldDrawingViewController.m */ = {isa = PBXFileReference; fileEncoding = 4; lastKnownFileType = sourcecode.c.objc; name = FieldDrawingViewController.m; path = MatchAnalysis/FieldDrawingViewController.m; sourceTree = "<group>"; };
		2FB3A4B616CEC05000E895E5 /* TournamentViewController.h */ = {isa = PBXFileReference; fileEncoding = 4; lastKnownFileType = sourcecode.c.h; name = TournamentViewController.h; path = SetUp/TournamentViewController.h; sourceTree = "<group>"; };
		2FB3A4B716CEC05000E895E5 /* TournamentViewController.m */ = {isa = PBXFileReference; fileEncoding = 4; lastKnownFileType = sourcecode.c.objc; name = TournamentViewController.m; path = SetUp/TournamentViewController.m; sourceTree = "<group>"; };
		2FB3A4BF16CEC17C00E895E5 /* MatchAnalysisViewController.h */ = {isa = PBXFileReference; fileEncoding = 4; lastKnownFileType = sourcecode.c.h; name = MatchAnalysisViewController.h; path = MatchAnalysis/MatchAnalysisViewController.h; sourceTree = "<group>"; };
		2FB3A4C016CEC17C00E895E5 /* MatchAnalysisViewController.m */ = {isa = PBXFileReference; fileEncoding = 4; lastKnownFileType = sourcecode.c.objc; name = MatchAnalysisViewController.m; path = MatchAnalysis/MatchAnalysisViewController.m; sourceTree = "<group>"; };
		2FB3A4C516CF044C00E895E5 /* RossPageViewController.h */ = {isa = PBXFileReference; fileEncoding = 4; lastKnownFileType = sourcecode.c.h; name = RossPageViewController.h; path = MatchAnalysis/RossPageViewController.h; sourceTree = "<group>"; };
		2FB3A4C616CF044C00E895E5 /* RossPageViewController.m */ = {isa = PBXFileReference; fileEncoding = 4; lastKnownFileType = sourcecode.c.objc; name = RossPageViewController.m; path = MatchAnalysis/RossPageViewController.m; sourceTree = "<group>"; };
		2FC18E9416A1F7D100D42251 /* UltimateAscent_ipad.storyboard */ = {isa = PBXFileReference; fileEncoding = 4; lastKnownFileType = file.storyboard; path = UltimateAscent_ipad.storyboard; sourceTree = "<group>"; };
		2FC18E9F16A1F9A900D42251 /* UltimateAscent-Info.plist */ = {isa = PBXFileReference; fileEncoding = 4; lastKnownFileType = text.plist.xml; name = "UltimateAscent-Info.plist"; path = "MainApp/UltimateAscent-Info.plist"; sourceTree = "<group>"; };
		2FC18EA016A1F9A900D42251 /* UltimateAscent-Prefix.pch */ = {isa = PBXFileReference; fileEncoding = 4; lastKnownFileType = sourcecode.c.h; name = "UltimateAscent-Prefix.pch"; path = "MainApp/UltimateAscent-Prefix.pch"; sourceTree = "<group>"; };
		2FC18EA716A202FD00D42251 /* AddRecordResults.h */ = {isa = PBXFileReference; fileEncoding = 4; lastKnownFileType = sourcecode.c.h; name = AddRecordResults.h; path = DataImport/AddRecordResults.h; sourceTree = "<group>"; };
		2FC18EA816A202FD00D42251 /* LoadCSVData.h */ = {isa = PBXFileReference; fileEncoding = 4; lastKnownFileType = sourcecode.c.h; name = LoadCSVData.h; path = DataImport/LoadCSVData.h; sourceTree = "<group>"; };
		2FC18EAA16A202FD00D42251 /* parseCSV.h */ = {isa = PBXFileReference; fileEncoding = 4; lastKnownFileType = sourcecode.c.h; name = parseCSV.h; path = DataImport/parseCSV.h; sourceTree = "<group>"; };
		2FC18EAB16A202FD00D42251 /* parseCSV.m */ = {isa = PBXFileReference; fileEncoding = 4; lastKnownFileType = sourcecode.c.objc; name = parseCSV.m; path = DataImport/parseCSV.m; sourceTree = "<group>"; };
		2FC18EAE16A2042000D42251 /* SplashPageViewController.m */ = {isa = PBXFileReference; fileEncoding = 4; lastKnownFileType = sourcecode.c.objc; name = SplashPageViewController.m; path = MainApp/SplashPageViewController.m; sourceTree = "<group>"; };
		2FC18EB016A2042600D42251 /* SplashPageViewController.h */ = {isa = PBXFileReference; fileEncoding = 4; lastKnownFileType = sourcecode.c.h; name = SplashPageViewController.h; path = MainApp/SplashPageViewController.h; sourceTree = "<group>"; };
		2FC18ED816A2083500D42251 /* Blue Fade.gif */ = {isa = PBXFileReference; lastKnownFileType = image.gif; name = "Blue Fade.gif"; path = "Resources/Blue Fade.gif"; sourceTree = "<group>"; };
		2FC18ED916A2083500D42251 /* button_robonaut_gold.png */ = {isa = PBXFileReference; lastKnownFileType = image.png; name = button_robonaut_gold.png; path = Resources/button_robonaut_gold.png; sourceTree = "<group>"; };
		2FC18EDA16A2083500D42251 /* cell_robonaut_gold.png */ = {isa = PBXFileReference; lastKnownFileType = image.png; name = cell_robonaut_gold.png; path = Resources/cell_robonaut_gold.png; sourceTree = "<group>"; };
		2FC18EDB16A2083500D42251 /* dataMarker.csv */ = {isa = PBXFileReference; fileEncoding = 4; lastKnownFileType = text; name = dataMarker.csv; path = Resources/dataMarker.csv; sourceTree = "<group>"; };
		2FC18EDC16A2083500D42251 /* Default-568h@2x.png */ = {isa = PBXFileReference; lastKnownFileType = image.png; name = "Default-568h@2x.png"; path = "Resources/Default-568h@2x.png"; sourceTree = "<group>"; };
		2FC18EDD16A2083500D42251 /* Default.png */ = {isa = PBXFileReference; lastKnownFileType = image.png; name = Default.png; path = Resources/Default.png; sourceTree = "<group>"; };
		2FC18EDE16A2083500D42251 /* Default@2x.png */ = {isa = PBXFileReference; lastKnownFileType = image.png; name = "Default@2x.png"; path = "Resources/Default@2x.png"; sourceTree = "<group>"; };
		2FC18EDF16A2083500D42251 /* Gold Fade.gif */ = {isa = PBXFileReference; lastKnownFileType = image.gif; name = "Gold Fade.gif"; path = "Resources/Gold Fade.gif"; sourceTree = "<group>"; };
		2FC18EE216A2083500D42251 /* nasalization rg.ttf */ = {isa = PBXFileReference; lastKnownFileType = file; name = "nasalization rg.ttf"; path = "Resources/nasalization rg.ttf"; sourceTree = "<group>"; };
		2FC18EE316A2083500D42251 /* photo.JPG */ = {isa = PBXFileReference; lastKnownFileType = image.jpeg; name = photo.JPG; path = Resources/photo.JPG; sourceTree = "<group>"; };
		2FC18EE416A2083500D42251 /* R Big Icon.png */ = {isa = PBXFileReference; lastKnownFileType = image.png; name = "R Big Icon.png"; path = "Resources/R Big Icon.png"; sourceTree = "<group>"; };
		2FC18EE516A2083500D42251 /* R Icon.png */ = {isa = PBXFileReference; lastKnownFileType = image.png; name = "R Icon.png"; path = "Resources/R Icon.png"; sourceTree = "<group>"; };
		2FC18EE716A2083500D42251 /* robonauts button.png */ = {isa = PBXFileReference; lastKnownFileType = image.png; name = "robonauts button.png"; path = "Resources/robonauts button.png"; sourceTree = "<group>"; };
		2FC18F0B16A212CE00D42251 /* SetUpPageViewController.h */ = {isa = PBXFileReference; fileEncoding = 4; lastKnownFileType = sourcecode.c.h; name = SetUpPageViewController.h; path = MainApp/SetUpPageViewController.h; sourceTree = "<group>"; };
		2FC18F0C16A212CE00D42251 /* SetUpPageViewController.m */ = {isa = PBXFileReference; fileEncoding = 4; lastKnownFileType = sourcecode.c.objc; name = SetUpPageViewController.m; path = MainApp/SetUpPageViewController.m; sourceTree = "<group>"; };
		2FC18F0E16A215EA00D42251 /* DownloadPageViewController.h */ = {isa = PBXFileReference; fileEncoding = 4; lastKnownFileType = sourcecode.c.h; name = DownloadPageViewController.h; path = DataExport/DownloadPageViewController.h; sourceTree = "<group>"; };
		2FC18F0F16A215EA00D42251 /* DownloadPageViewController.m */ = {isa = PBXFileReference; fileEncoding = 4; lastKnownFileType = sourcecode.c.objc; name = DownloadPageViewController.m; path = DataExport/DownloadPageViewController.m; sourceTree = "<group>"; };
		2FC18F1116A21AA900D42251 /* DataManager.h */ = {isa = PBXFileReference; fileEncoding = 4; lastKnownFileType = sourcecode.c.h; name = DataManager.h; path = DataManagement/DataManager.h; sourceTree = "<group>"; };
		2FC18F1216A21AA900D42251 /* DataManager.m */ = {isa = PBXFileReference; fileEncoding = 4; lastKnownFileType = sourcecode.c.objc; name = DataManager.m; path = DataManagement/DataManager.m; sourceTree = "<group>"; };
		2FC3B1E716E8107900DF70F4 /* MessageUI.framework */ = {isa = PBXFileReference; lastKnownFileType = wrapper.framework; name = MessageUI.framework; path = System/Library/Frameworks/MessageUI.framework; sourceTree = SDKROOT; };
		2FC5D8C816C473820043F68A /* 2013_field.png */ = {isa = PBXFileReference; lastKnownFileType = image.png; name = 2013_field.png; path = Resources/2013_field.png; sourceTree = "<group>"; };
		2FCE54F816CC271A00884191 /* Small Blue Button.jpg */ = {isa = PBXFileReference; lastKnownFileType = image.jpeg; name = "Small Blue Button.jpg"; path = "Resources/Small Blue Button.jpg"; sourceTree = "<group>"; };
		2FCE54F916CC271A00884191 /* Small Red Button.jpg */ = {isa = PBXFileReference; lastKnownFileType = image.jpeg; name = "Small Red Button.jpg"; path = "Resources/Small Red Button.jpg"; sourceTree = "<group>"; };
		2FCE54FC16CC29AB00884191 /* Small Green Button.jpg */ = {isa = PBXFileReference; lastKnownFileType = image.jpeg; name = "Small Green Button.jpg"; path = "Resources/Small Green Button.jpg"; sourceTree = "<group>"; };
		2FCE54FE16CC29B600884191 /* Small White Button.jpg */ = {isa = PBXFileReference; lastKnownFileType = image.jpeg; name = "Small White Button.jpg"; path = "Resources/Small White Button.jpg"; sourceTree = "<group>"; };
		2FD5595916FA61F70099C5D9 /* TeamDetailPickerController.h */ = {isa = PBXFileReference; fileEncoding = 4; lastKnownFileType = sourcecode.c.h; name = TeamDetailPickerController.h; path = TeamScouting/TeamDetailPickerController.h; sourceTree = "<group>"; };
		2FD5595A16FA61F70099C5D9 /* TeamDetailPickerController.m */ = {isa = PBXFileReference; fileEncoding = 4; lastKnownFileType = sourcecode.c.objc; name = TeamDetailPickerController.m; path = TeamScouting/TeamDetailPickerController.m; sourceTree = "<group>"; };
		2FD7E9E616E8C3540075533C /* TeamList.csv */ = {isa = PBXFileReference; fileEncoding = 4; lastKnownFileType = text; name = TeamList.csv; path = Resources/TeamList.csv; sourceTree = "<group>"; };
		2FD7E9E816E8DA130075533C /* MatchList.csv */ = {isa = PBXFileReference; fileEncoding = 4; lastKnownFileType = text; name = MatchList.csv; path = Resources/MatchList.csv; sourceTree = "<group>"; };
		2FEBE13016F226B40094E2C3 /* MatchResults.csv */ = {isa = PBXFileReference; fileEncoding = 4; lastKnownFileType = text; name = MatchResults.csv; path = Resources/MatchResults.csv; sourceTree = "<group>"; };
		2FFAE1B216D29B9600B180F9 /* AlertPromptViewController.h */ = {isa = PBXFileReference; fileEncoding = 4; lastKnownFileType = sourcecode.c.h; name = AlertPromptViewController.h; path = Utilities/AlertPromptViewController.h; sourceTree = "<group>"; };
		2FFAE1B316D29B9600B180F9 /* AlertPromptViewController.m */ = {isa = PBXFileReference; fileEncoding = 4; lastKnownFileType = sourcecode.c.objc; name = AlertPromptViewController.m; path = Utilities/AlertPromptViewController.m; sourceTree = "<group>"; };
		2FFAE1B916D3235600B180F9 /* MatchTypeDictionary.h */ = {isa = PBXFileReference; fileEncoding = 4; lastKnownFileType = sourcecode.c.h; name = MatchTypeDictionary.h; path = Utilities/MatchTypeDictionary.h; sourceTree = "<group>"; };
		2FFAE1BA16D3235600B180F9 /* MatchTypeDictionary.m */ = {isa = PBXFileReference; fileEncoding = 4; lastKnownFileType = sourcecode.c.objc; name = MatchTypeDictionary.m; path = Utilities/MatchTypeDictionary.m; sourceTree = "<group>"; };
		2FFAE1C716D51BDD00B180F9 /* robonauts app banner original.jpg */ = {isa = PBXFileReference; lastKnownFileType = image.jpeg; name = "robonauts app banner original.jpg"; path = "Resources/robonauts app banner original.jpg"; sourceTree = "<group>"; };
		2FFD94F916D1AC5F007052EA /* Small Grey Button.jpg */ = {isa = PBXFileReference; lastKnownFileType = image.jpeg; name = "Small Grey Button.jpg"; path = "Resources/Small Grey Button.jpg"; sourceTree = "<group>"; };
		2FFD94FB16D1ACA1007052EA /* robonauts app banner.jpg */ = {isa = PBXFileReference; lastKnownFileType = image.jpeg; name = "robonauts app banner.jpg"; path = "Resources/robonauts app banner.jpg"; sourceTree = "<group>"; };
/* End PBXFileReference section */

/* Begin PBXFrameworksBuildPhase section */
		2F30EAB416A0EB4F0026B258 /* Frameworks */ = {
			isa = PBXFrameworksBuildPhase;
			buildActionMask = 2147483647;
			files = (
				2F56B57017052BDB0093A976 /* Security.framework in Frameworks */,
				2F56B56E17052BC80093A976 /* SystemConfiguration.framework in Frameworks */,
				2F56B56C17052BB30093A976 /* MobileCoreServices.framework in Frameworks */,
				2F56B56A17052B900093A976 /* CoreLocation.framework in Frameworks */,
				2F8FC26016E999E500992F85 /* GameKit.framework in Frameworks */,
				2FC3B1E816E8107900DF70F4 /* MessageUI.framework in Frameworks */,
				2F30EABC16A0EB4F0026B258 /* UIKit.framework in Frameworks */,
				2F30EABE16A0EB4F0026B258 /* Foundation.framework in Frameworks */,
				2F30EAC016A0EB4F0026B258 /* CoreGraphics.framework in Frameworks */,
				2F30EAC216A0EB4F0026B258 /* CoreData.framework in Frameworks */,
				2F56B56817052A890093A976 /* libstackmob-v1.3.0.a in Frameworks */,
			);
			runOnlyForDeploymentPostprocessing = 0;
		};
/* End PBXFrameworksBuildPhase section */

/* Begin PBXGroup section */
		2F30EAAC16A0EB4F0026B258 = {
			isa = PBXGroup;
			children = (
				2F30EAC316A0EB4F0026B258 /* UltimateAscent */,
				2F30EABA16A0EB4F0026B258 /* Frameworks */,
				2F30EAB816A0EB4F0026B258 /* Products */,
			);
			sourceTree = "<group>";
		};
		2F30EAB816A0EB4F0026B258 /* Products */ = {
			isa = PBXGroup;
			children = (
				2F30EAB716A0EB4F0026B258 /* UltimateAscent.app */,
			);
			name = Products;
			sourceTree = "<group>";
		};
		2F30EABA16A0EB4F0026B258 /* Frameworks */ = {
			isa = PBXGroup;
			children = (
				2F56B56F17052BDA0093A976 /* Security.framework */,
				2F56B56B17052BB30093A976 /* MobileCoreServices.framework */,
				2F56B56917052B900093A976 /* CoreLocation.framework */,
				2F56B56D17052BC80093A976 /* SystemConfiguration.framework */,
				2F30EABB16A0EB4F0026B258 /* UIKit.framework */,
				2F30EABD16A0EB4F0026B258 /* Foundation.framework */,
				2F8FC25F16E999E500992F85 /* GameKit.framework */,
				2FC3B1E716E8107900DF70F4 /* MessageUI.framework */,
				2F30EABF16A0EB4F0026B258 /* CoreGraphics.framework */,
				2F30EAC116A0EB4F0026B258 /* CoreData.framework */,
			);
			name = Frameworks;
			sourceTree = "<group>";
		};
		2F30EAC316A0EB4F0026B258 /* UltimateAscent */ = {
			isa = PBXGroup;
			children = (
				2F50BF9716F2D799004569F2 /* Data Transfer */,
				2FB3A4B516CEC00600E895E5 /* SetUp */,
				2FB3A4B016CEB7C400E895E5 /* Match Analysis */,
				2F88648716B7688A00867385 /* Match Scouting */,
				2F30EAE116A0F5150026B258 /* Data Models */,
				2F30EADE16A0F40B0026B258 /* Data Import */,
				2F30EADD16A0F3F40026B258 /* Data Export */,
				2F30EADF16A0F47B0026B258 /* Data Management */,
				2F30EAE016A0F4E50026B258 /* Team Scouting */,
				2F30EAE216A0F56E0026B258 /* Main App */,
				2FFAE1B016D29B8200B180F9 /* Utilities */,
				2F56B53317052A890093A976 /* StackMob-v1.3.0 */,
				2F30EAE316A0F66F0026B258 /* Resources */,
				2F30EAC416A0EB4F0026B258 /* Supporting Files */,
			);
			path = UltimateAscent;
			sourceTree = "<group>";
		};
		2F30EAC416A0EB4F0026B258 /* Supporting Files */ = {
			isa = PBXGroup;
			children = (
				2FC18E9F16A1F9A900D42251 /* UltimateAscent-Info.plist */,
				2FC18EA016A1F9A900D42251 /* UltimateAscent-Prefix.pch */,
				2F30EAC616A0EB4F0026B258 /* InfoPlist.strings */,
				2F30EAE416A100060026B258 /* Default.png */,
				2F30EAE616A100170026B258 /* Default@2x.png */,
				2F30EAE816A100250026B258 /* Default-568h@2x.png */,
			);
			name = "Supporting Files";
			sourceTree = "<group>";
		};
		2F30EADD16A0F3F40026B258 /* Data Export */ = {
			isa = PBXGroup;
			children = (
				2FC18F0E16A215EA00D42251 /* DownloadPageViewController.h */,
				2FC18F0F16A215EA00D42251 /* DownloadPageViewController.m */,
				2F56B571170532F60093A976 /* StackMobExportViewController.h */,
				2F56B572170532F60093A976 /* StackMobExportViewController.m */,
				2F621F23170DE91200D2ABD1 /* iDeviceExportViewController.h */,
				2F621F24170DE91200D2ABD1 /* iDeviceExportViewController.m */,
			);
			name = "Data Export";
			sourceTree = "<group>";
		};
		2F30EADE16A0F40B0026B258 /* Data Import */ = {
			isa = PBXGroup;
			children = (
				2FC18EA716A202FD00D42251 /* AddRecordResults.h */,
				2FC18EA816A202FD00D42251 /* LoadCSVData.h */,
				2F8864A116B76DAB00867385 /* LoadCSVData.m */,
				2FC18EAA16A202FD00D42251 /* parseCSV.h */,
				2FC18EAB16A202FD00D42251 /* parseCSV.m */,
				2F21C5CD170BCC31008A3C24 /* ImportDataViewController.h */,
				2F21C5CE170BCC31008A3C24 /* ImportDataViewController.m */,
				2F21C5D0170BCDCB008A3C24 /* StackMobImportViewController.h */,
				2F21C5D1170BCDCB008A3C24 /* StackMobImportViewController.m */,
				2F621F29170DF2FE00D2ABD1 /* ImportDeviceViewController.h */,
				2F621F2A170DF2FE00D2ABD1 /* ImportDeviceViewController.m */,
			);
			name = "Data Import";
			sourceTree = "<group>";
		};
		2F30EADF16A0F47B0026B258 /* Data Management */ = {
			isa = PBXGroup;
			children = (
				2FC18F1116A21AA900D42251 /* DataManager.h */,
				2FC18F1216A21AA900D42251 /* DataManager.m */,
			);
			name = "Data Management";
			sourceTree = "<group>";
		};
		2F30EAE016A0F4E50026B258 /* Team Scouting */ = {
			isa = PBXGroup;
			children = (
				21EBC7D516B358D000CBFDFD /* TeamDetailViewController.h */,
				21EBC7D616B358D000CBFDFD /* TeamDetailViewController.m */,
				21F72D5E16A78135000B99AB /* TeamListViewController.h */,
				21F72D5F16A78135000B99AB /* TeamListViewController.m */,
				2FD5595916FA61F70099C5D9 /* TeamDetailPickerController.h */,
				2FD5595A16FA61F70099C5D9 /* TeamDetailPickerController.m */,
			);
			name = "Team Scouting";
			sourceTree = "<group>";
		};
		2F30EAE116A0F5150026B258 /* Data Models */ = {
			isa = PBXGroup;
			children = (
				21528C9416AA215800CF7E8E /* CreateMatch.h */,
				21528C9516AA215800CF7E8E /* CreateMatch.m */,
				2F4E01E916BA103E0092DC86 /* CreateTournament.h */,
				2F4E01EC16BA10560092DC86 /* CreateSettings.h */,
				2F4E01ED16BA10560092DC86 /* CreateSettings.m */,
				2F4E01EA16BA103E0092DC86 /* CreateTournament.m */,
				2F8F8B9C16A24D8C00D3B176 /* CreateTeam.h */,
				2F8F8B9D16A24D8C00D3B176 /* CreateTeam.m */,
				2F9C12DD1708815C005EE9D3 /* TeamData.h */,
				2F9C12DE1708815C005EE9D3 /* TeamData.m */,
				2F8A13FB1703C8DB00866519 /* UltimateAscent.xcdatamodeld */,
				2F32A77E170678E500100705 /* TournamentData.h */,
				2F32A77F170678E500100705 /* TournamentData.m */,
				2F32A77B170678D700100705 /* TeamScore.h */,
				2F32A77C170678D700100705 /* TeamScore.m */,
				2F32A775170678AD00100705 /* Statistics.h */,
				2F32A776170678AD00100705 /* Statistics.m */,
				2F32A7721706789B00100705 /* SettingsData.h */,
				2F32A7731706789B00100705 /* SettingsData.m */,
				2F32A76F1706788F00100705 /* Regional.h */,
				2F32A7701706788F00100705 /* Regional.m */,
				2F32A76C1706787D00100705 /* MatchData.h */,
				2F32A76D1706787D00100705 /* MatchData.m */,
			);
			name = "Data Models";
			sourceTree = "<group>";
		};
		2F30EAE216A0F56E0026B258 /* Main App */ = {
			isa = PBXGroup;
			children = (
				2FC18F0B16A212CE00D42251 /* SetUpPageViewController.h */,
				2FC18F0C16A212CE00D42251 /* SetUpPageViewController.m */,
				2FC18EB016A2042600D42251 /* SplashPageViewController.h */,
				2FC18EAE16A2042000D42251 /* SplashPageViewController.m */,
				2F30EAEC16A101570026B258 /* AppDelegate.h */,
				2F30EAED16A101AB0026B258 /* AppDelegate.m */,
				2F30EAEA16A100850026B258 /* main.m */,
				2F13339D170E20CD006669FF /* iPhoneMainViewController.h */,
				2F13339E170E20CD006669FF /* iPhoneMainViewController.m */,
				2F621F2C170E18CA00D2ABD1 /* UltimateAscent_iphone.storyboard */,
				2FC18E9416A1F7D100D42251 /* UltimateAscent_ipad.storyboard */,
			);
			name = "Main App";
			sourceTree = "<group>";
		};
		2F30EAE316A0F66F0026B258 /* Resources */ = {
			isa = PBXGroup;
			children = (
				2F621F21170CA39F00D2ABD1 /* UltimateAscent.sqlite */,
				2FEBE13016F226B40094E2C3 /* MatchResults.csv */,
				2FD7E9E816E8DA130075533C /* MatchList.csv */,
				2FD7E9E616E8C3540075533C /* TeamList.csv */,
				2FFAE1C716D51BDD00B180F9 /* robonauts app banner original.jpg */,
				2FFD94FB16D1ACA1007052EA /* robonauts app banner.jpg */,
				2FFD94F916D1AC5F007052EA /* Small Grey Button.jpg */,
				2FCE54F816CC271A00884191 /* Small Blue Button.jpg */,
				2FCE54FE16CC29B600884191 /* Small White Button.jpg */,
				2FCE54FC16CC29AB00884191 /* Small Green Button.jpg */,
				2FCE54F916CC271A00884191 /* Small Red Button.jpg */,
				2FC5D8C816C473820043F68A /* 2013_field.png */,
				2F4E01EF16BA10C80092DC86 /* Settings.csv */,
				2F17D54716BA092B00DC81C1 /* TournamentList.csv */,
				2F6AE6EF16AD93D1005A24C5 /* 2013_logo.png */,
				2FC18ED816A2083500D42251 /* Blue Fade.gif */,
				2FC18ED916A2083500D42251 /* button_robonaut_gold.png */,
				2FC18EDA16A2083500D42251 /* cell_robonaut_gold.png */,
				2FC18EDB16A2083500D42251 /* dataMarker.csv */,
				2FC18EDC16A2083500D42251 /* Default-568h@2x.png */,
				2FC18EDD16A2083500D42251 /* Default.png */,
				2FC18EDE16A2083500D42251 /* Default@2x.png */,
				2FC18EDF16A2083500D42251 /* Gold Fade.gif */,
				2FC18EE216A2083500D42251 /* nasalization rg.ttf */,
				2FC18EE316A2083500D42251 /* photo.JPG */,
				2FC18EE416A2083500D42251 /* R Big Icon.png */,
				2FC18EE516A2083500D42251 /* R Icon.png */,
				2FC18EE716A2083500D42251 /* robonauts button.png */,
			);
			name = Resources;
			sourceTree = "<group>";
		};
		2F50BF9716F2D799004569F2 /* Data Transfer */ = {
			isa = PBXGroup;
			children = (
				2F50BF9816F2D7A9004569F2 /* SyncResultsViewController.h */,
				2F50BF9916F2D7A9004569F2 /* SyncResultsViewController.m */,
				2F50BF9B16F2DD65004569F2 /* MatchResultsObject.h */,
				2F50BF9C16F2DD65004569F2 /* MatchResultsObject.m */,
				2F80CB0417012821000A2BB8 /* TeamRecordObject.h */,
				2F80CB0517012821000A2BB8 /* TeamRecordObject.m */,
				2F32A7811707336500100705 /* SMTournamentObject.h */,
				2F32A7821707336500100705 /* SMTournamentObject.m */,
				2F32A7841707771A00100705 /* SMTeamDataObject.h */,
				2F32A7851707771A00100705 /* SMTeamDataObject.m */,
				2F621F26170DEC9E00D2ABD1 /* SyncMatchListViewController.h */,
				2F621F27170DEC9E00D2ABD1 /* SyncMatchListViewController.m */,
			);
			name = "Data Transfer";
			sourceTree = "<group>";
		};
		2F56B53317052A890093A976 /* StackMob-v1.3.0 */ = {
			isa = PBXGroup;
			children = (
				2F56B53417052A890093A976 /* CHANGELOG.md */,
				2F56B53517052A890093A976 /* Headers */,
				2F56B56617052A890093A976 /* libstackmob-v1.3.0.a */,
			);
			path = "StackMob-v1.3.0";
			sourceTree = "<group>";
		};
		2F56B53517052A890093A976 /* Headers */ = {
			isa = PBXGroup;
			children = (
				2F56B53617052A890093A976 /* AFHTTPClient+StackMob.h */,
				2F56B53717052A890093A976 /* AFHTTPClient.h */,
				2F56B53817052A890093A976 /* AFHTTPRequestOperation.h */,
				2F56B53917052A890093A976 /* AFImageRequestOperation.h */,
				2F56B53A17052A890093A976 /* AFJSONRequestOperation.h */,
				2F56B53B17052A890093A976 /* AFNetworkActivityIndicatorManager.h */,
				2F56B53C17052A890093A976 /* AFNetworking.h */,
				2F56B53D17052A890093A976 /* AFPropertyListRequestOperation.h */,
				2F56B53E17052A890093A976 /* AFURLConnectionOperation.h */,
				2F56B53F17052A890093A976 /* AFXMLRequestOperation.h */,
				2F56B54017052A890093A976 /* Base64EncodedStringFromData.h */,
				2F56B54117052A890093A976 /* Common.h */,
				2F56B54217052A890093A976 /* KeychainWrapper.h */,
				2F56B54317052A890093A976 /* NSArray+Enumerable.h */,
				2F56B54417052A890093A976 /* NSDictionary+AtomicCounter.h */,
				2F56B54517052A890093A976 /* NSEntityDescription+StackMobSerialization.h */,
				2F56B54617052A890093A976 /* NSManagedObject+StackMobSerialization.h */,
				2F56B54717052A890093A976 /* NSManagedObjectContext+Concurrency.h */,
				2F56B54817052A890093A976 /* SMBinaryDataConversion.h */,
				2F56B54917052A890093A976 /* SMClient.h */,
				2F56B54A17052A890093A976 /* SMCoreDataStore.h */,
				2F56B54B17052A890093A976 /* SMCustomCodeRequest.h */,
				2F56B54C17052A890093A976 /* SMDataStore+Protected.h */,
				2F56B54D17052A890093A976 /* SMDataStore.h */,
				2F56B54E17052A890093A976 /* SMError.h */,
				2F56B54F17052A890093A976 /* SMGeoPoint.h */,
				2F56B55017052A890093A976 /* SMIncrementalStore+Query.h */,
				2F56B55117052A890093A976 /* SMIncrementalStore.h */,
				2F56B55217052A890093A976 /* SMIncrementalStoreNode.h */,
				2F56B55317052A890093A976 /* SMJSONRequestOperation.h */,
				2F56B55417052A890093A976 /* SMLocationManager.h */,
				2F56B55517052A890093A976 /* SMNetworkReachability.h */,
				2F56B55617052A890093A976 /* SMOAuth1Client.h */,
				2F56B55717052A890093A976 /* SMOAuth2Client.h */,
				2F56B55817052A890093A976 /* SMPredicate.h */,
				2F56B55917052A890093A976 /* SMPushClient.h */,
				2F56B55A17052A890093A976 /* SMPushToken.h */,
				2F56B55B17052A890093A976 /* SMQuery.h */,
				2F56B55C17052A890093A976 /* SMRequestOptions.h */,
				2F56B55D17052A890093A976 /* SMResponseBlocks.h */,
				2F56B55E17052A890093A976 /* SMUserManagedObject.h */,
				2F56B55F17052A890093A976 /* SMUserSession.h */,
				2F56B56017052A890093A976 /* SMVersion.h */,
				2F56B56117052A890093A976 /* StackMob.h */,
				2F56B56217052A890093A976 /* StackMobPush.h */,
				2F56B56317052A890093A976 /* Synchronization.h */,
				2F56B56417052A890093A976 /* SystemInformation.h */,
				2F56B56517052A890093A976 /* UIImageView+AFNetworking.h */,
			);
			path = Headers;
			sourceTree = "<group>";
		};
		2F88648716B7688A00867385 /* Match Scouting */ = {
			isa = PBXGroup;
			children = (
				2F43A1C916E4F219005CAFD9 /* AddMatchViewController.h */,
				2F43A1CA16E4F219005CAFD9 /* AddMatchViewController.m */,
				2F88648C16B76B1700867385 /* AlliancePickerController.h */,
				2F88648D16B76B1700867385 /* AlliancePickerController.m */,
				2F88648E16B76B1700867385 /* MainScoutingPageViewController.h */,
				2F88648F16B76B1700867385 /* MainScoutingPageViewController.m */,
				2F88649016B76B1700867385 /* MatchDetailViewController.h */,
				2F88649116B76B1700867385 /* MatchDetailViewController.m */,
				2F88649216B76B1700867385 /* MatchListViewController.h */,
				2F88649316B76B1700867385 /* MatchListViewController.m */,
				2F88649416B76B1700867385 /* MatchTypePickerController.h */,
				2F88649516B76B1700867385 /* MatchTypePickerController.m */,
				2F88649616B76B1700867385 /* RecordScorePickerController.h */,
				2F88649716B76B1700867385 /* RecordScorePickerController.m */,
				2F88649816B76B1700867385 /* TeamPickerController.h */,
				2F88649916B76B1700867385 /* TeamPickerController.m */,
				2F0E3A7316D7FB4C00A359D5 /* DefensePickerController.h */,
				2F0E3A7416D7FB4D00A359D5 /* DefensePickerController.m */,
			);
			name = "Match Scouting";
			sourceTree = "<group>";
		};
		2FB3A4B016CEB7C400E895E5 /* Match Analysis */ = {
			isa = PBXGroup;
			children = (
				2F56B530170517F70093A976 /* CalculateTeamStats.h */,
				2F56B531170517F70093A976 /* CalculateTeamStats.m */,
				2FB29C8116F9620700086C08 /* FieldDrawingViewController.h */,
				2FB29C8216F9620700086C08 /* FieldDrawingViewController.m */,
				2FB3A4BF16CEC17C00E895E5 /* MatchAnalysisViewController.h */,
				2FB3A4C016CEC17C00E895E5 /* MatchAnalysisViewController.m */,
				2FB3A4C516CF044C00E895E5 /* RossPageViewController.h */,
				2FB3A4C616CF044C00E895E5 /* RossPageViewController.m */,
				2F12350116FB71E200DBF4B0 /* MasonPageViewController.h */,
				2F12350216FB71E200DBF4B0 /* MasonPageViewController.m */,
			);
			name = "Match Analysis";
			sourceTree = "<group>";
		};
		2FB3A4B516CEC00600E895E5 /* SetUp */ = {
			isa = PBXGroup;
			children = (
				2FB3A4B616CEC05000E895E5 /* TournamentViewController.h */,
				2FB3A4B716CEC05000E895E5 /* TournamentViewController.m */,
				2F47E38316DFE17300609A3E /* TournamentPickerController.h */,
				2F47E38416DFE17400609A3E /* TournamentPickerController.m */,
			);
			name = SetUp;
			sourceTree = "<group>";
		};
		2FFAE1B016D29B8200B180F9 /* Utilities */ = {
			isa = PBXGroup;
			children = (
				2FFAE1B216D29B9600B180F9 /* AlertPromptViewController.h */,
				2FFAE1B316D29B9600B180F9 /* AlertPromptViewController.m */,
				2FFAE1B916D3235600B180F9 /* MatchTypeDictionary.h */,
				2FFAE1BA16D3235600B180F9 /* MatchTypeDictionary.m */,
				2F4CD04217122E1600428859 /* PopUpPickerViewController.h */,
				2F4CD04317122E1600428859 /* PopUpPickerViewController.m */,
			);
			name = Utilities;
			sourceTree = "<group>";
		};
/* End PBXGroup section */

/* Begin PBXNativeTarget section */
		2F30EAB616A0EB4F0026B258 /* UltimateAscent */ = {
			isa = PBXNativeTarget;
			buildConfigurationList = 2F30EADA16A0EB4F0026B258 /* Build configuration list for PBXNativeTarget "UltimateAscent" */;
			buildPhases = (
				2F30EAB316A0EB4F0026B258 /* Sources */,
				2F30EAB416A0EB4F0026B258 /* Frameworks */,
				2F30EAB516A0EB4F0026B258 /* Resources */,
			);
			buildRules = (
			);
			dependencies = (
			);
			name = UltimateAscent;
			productName = UltimateAscent;
			productReference = 2F30EAB716A0EB4F0026B258 /* UltimateAscent.app */;
			productType = "com.apple.product-type.application";
		};
/* End PBXNativeTarget section */

/* Begin PBXProject section */
		2F30EAAE16A0EB4F0026B258 /* Project object */ = {
			isa = PBXProject;
			attributes = {
				LastUpgradeCheck = 0460;
				ORGANIZATIONNAME = FRC;
			};
			buildConfigurationList = 2F30EAB116A0EB4F0026B258 /* Build configuration list for PBXProject "UltimateAscent" */;
			compatibilityVersion = "Xcode 3.2";
			developmentRegion = English;
			hasScannedForEncodings = 0;
			knownRegions = (
				en,
			);
			mainGroup = 2F30EAAC16A0EB4F0026B258;
			productRefGroup = 2F30EAB816A0EB4F0026B258 /* Products */;
			projectDirPath = "";
			projectRoot = "";
			targets = (
				2F30EAB616A0EB4F0026B258 /* UltimateAscent */,
			);
		};
/* End PBXProject section */

/* Begin PBXResourcesBuildPhase section */
		2F30EAB516A0EB4F0026B258 /* Resources */ = {
			isa = PBXResourcesBuildPhase;
			buildActionMask = 2147483647;
			files = (
				2F8A14141703EB0900866519 /* UltimateAscent.xcdatamodeld in Resources */,
				2F30EAC816A0EB4F0026B258 /* InfoPlist.strings in Resources */,
				2F30EAE516A100060026B258 /* Default.png in Resources */,
				2F30EAE716A100170026B258 /* Default@2x.png in Resources */,
				2F30EAE916A100250026B258 /* Default-568h@2x.png in Resources */,
				2FC18E9516A1F7D100D42251 /* UltimateAscent_ipad.storyboard in Resources */,
				2FC18EEA16A2083500D42251 /* Blue Fade.gif in Resources */,
				2FC18EEB16A2083500D42251 /* button_robonaut_gold.png in Resources */,
				2FC18EEC16A2083500D42251 /* cell_robonaut_gold.png in Resources */,
				2FC18EED16A2083500D42251 /* dataMarker.csv in Resources */,
				2FC18EF116A2083500D42251 /* Gold Fade.gif in Resources */,
				2FC18EF416A2083500D42251 /* nasalization rg.ttf in Resources */,
				2FC18EF516A2083500D42251 /* photo.JPG in Resources */,
				2FC18EF616A2083500D42251 /* R Big Icon.png in Resources */,
				2FC18EF716A2083500D42251 /* R Icon.png in Resources */,
				2FC18EF916A2083500D42251 /* robonauts button.png in Resources */,
				2F6AE6F016AD93D1005A24C5 /* 2013_logo.png in Resources */,
				2F17D54816BA092B00DC81C1 /* TournamentList.csv in Resources */,
				2F4E01F016BA10C80092DC86 /* Settings.csv in Resources */,
				2FC5D8C916C473820043F68A /* 2013_field.png in Resources */,
				2FCE54FA16CC271A00884191 /* Small Blue Button.jpg in Resources */,
				2FCE54FB16CC271A00884191 /* Small Red Button.jpg in Resources */,
				2FCE54FD16CC29AB00884191 /* Small Green Button.jpg in Resources */,
				2FCE54FF16CC29B600884191 /* Small White Button.jpg in Resources */,
				2FFD94FA16D1AC5F007052EA /* Small Grey Button.jpg in Resources */,
				2FFD94FC16D1ACA1007052EA /* robonauts app banner.jpg in Resources */,
				2FFAE1C816D51BDD00B180F9 /* robonauts app banner original.jpg in Resources */,
				2FD7E9E716E8C3540075533C /* TeamList.csv in Resources */,
				2FD7E9E916E8DA130075533C /* MatchList.csv in Resources */,
				2FEBE13116F226B40094E2C3 /* MatchResults.csv in Resources */,
				2F56B56717052A890093A976 /* CHANGELOG.md in Resources */,
				2F621F22170CA39F00D2ABD1 /* UltimateAscent.sqlite in Resources */,
				2F621F2D170E18CA00D2ABD1 /* UltimateAscent_iphone.storyboard in Resources */,
			);
			runOnlyForDeploymentPostprocessing = 0;
		};
/* End PBXResourcesBuildPhase section */

/* Begin PBXSourcesBuildPhase section */
		2F30EAB316A0EB4F0026B258 /* Sources */ = {
			isa = PBXSourcesBuildPhase;
			buildActionMask = 2147483647;
			files = (
				2F30EAEB16A100850026B258 /* main.m in Sources */,
				2F30EAEE16A101AB0026B258 /* AppDelegate.m in Sources */,
				2FC18EAD16A202FD00D42251 /* parseCSV.m in Sources */,
				2FC18EAF16A2042000D42251 /* SplashPageViewController.m in Sources */,
				2FC18F0D16A212CE00D42251 /* SetUpPageViewController.m in Sources */,
				2FC18F1016A215EA00D42251 /* DownloadPageViewController.m in Sources */,
				2FC18F1316A21AA900D42251 /* DataManager.m in Sources */,
				2F8F8B9E16A24D8C00D3B176 /* CreateTeam.m in Sources */,
				21F72D6016A78135000B99AB /* TeamListViewController.m in Sources */,
				21528C9816AA215800CF7E8E /* CreateMatch.m in Sources */,
				21EBC7D716B358D000CBFDFD /* TeamDetailViewController.m in Sources */,
				2F88649A16B76B1700867385 /* AlliancePickerController.m in Sources */,
				2F88649B16B76B1700867385 /* MainScoutingPageViewController.m in Sources */,
				2F88649C16B76B1700867385 /* MatchDetailViewController.m in Sources */,
				2F88649D16B76B1700867385 /* MatchListViewController.m in Sources */,
				2F88649E16B76B1700867385 /* MatchTypePickerController.m in Sources */,
				2F88649F16B76B1700867385 /* RecordScorePickerController.m in Sources */,
				2F8864A016B76B1700867385 /* TeamPickerController.m in Sources */,
				2F8864A216B76DAB00867385 /* LoadCSVData.m in Sources */,
				2F4E01EB16BA103E0092DC86 /* CreateTournament.m in Sources */,
				2F4E01EE16BA10560092DC86 /* CreateSettings.m in Sources */,
				2FB3A4B816CEC05000E895E5 /* TournamentViewController.m in Sources */,
				2FB3A4C116CEC17C00E895E5 /* MatchAnalysisViewController.m in Sources */,
				2FB3A4C716CF044C00E895E5 /* RossPageViewController.m in Sources */,
				2FFAE1B416D29B9600B180F9 /* AlertPromptViewController.m in Sources */,
				2FFAE1BB16D3235600B180F9 /* MatchTypeDictionary.m in Sources */,
				2F0E3A7516D7FB4D00A359D5 /* DefensePickerController.m in Sources */,
				2F47E38516DFE17400609A3E /* TournamentPickerController.m in Sources */,
				2F43A1CB16E4F219005CAFD9 /* AddMatchViewController.m in Sources */,
				2F50BF9A16F2D7A9004569F2 /* SyncResultsViewController.m in Sources */,
				2F50BF9D16F2DD65004569F2 /* MatchResultsObject.m in Sources */,
				2FB29C8316F9620700086C08 /* FieldDrawingViewController.m in Sources */,
				2FD5595B16FA61F70099C5D9 /* TeamDetailPickerController.m in Sources */,
				2F12350316FB71E200DBF4B0 /* MasonPageViewController.m in Sources */,
				2F80CB0617012821000A2BB8 /* TeamRecordObject.m in Sources */,
				2F8A13FD1703C8DB00866519 /* UltimateAscent.xcdatamodeld in Sources */,
				2F56B532170517F70093A976 /* CalculateTeamStats.m in Sources */,
				2F56B573170532F60093A976 /* StackMobExportViewController.m in Sources */,
				2F32A76E1706787D00100705 /* MatchData.m in Sources */,
				2F32A7711706788F00100705 /* Regional.m in Sources */,
				2F32A7741706789B00100705 /* SettingsData.m in Sources */,
				2F32A777170678AD00100705 /* Statistics.m in Sources */,
				2F32A77D170678D700100705 /* TeamScore.m in Sources */,
				2F32A780170678E500100705 /* TournamentData.m in Sources */,
				2F32A7831707336500100705 /* SMTournamentObject.m in Sources */,
				2F32A7861707771A00100705 /* SMTeamDataObject.m in Sources */,
				2F9C12DF1708815C005EE9D3 /* TeamData.m in Sources */,
				2F21C5CF170BCC31008A3C24 /* ImportDataViewController.m in Sources */,
				2F21C5D2170BCDCB008A3C24 /* StackMobImportViewController.m in Sources */,
				2F621F25170DE91300D2ABD1 /* iDeviceExportViewController.m in Sources */,
				2F621F28170DEC9F00D2ABD1 /* SyncMatchListViewController.m in Sources */,
				2F621F2B170DF2FE00D2ABD1 /* ImportDeviceViewController.m in Sources */,
				2F13339F170E20CD006669FF /* iPhoneMainViewController.m in Sources */,
				2F4CD04417122E1600428859 /* PopUpPickerViewController.m in Sources */,
			);
			runOnlyForDeploymentPostprocessing = 0;
		};
/* End PBXSourcesBuildPhase section */

/* Begin PBXVariantGroup section */
		2F30EAC616A0EB4F0026B258 /* InfoPlist.strings */ = {
			isa = PBXVariantGroup;
			children = (
				2F30EAC716A0EB4F0026B258 /* en */,
			);
			name = InfoPlist.strings;
			sourceTree = "<group>";
		};
/* End PBXVariantGroup section */

/* Begin XCBuildConfiguration section */
		2F30EAD816A0EB4F0026B258 /* Debug */ = {
			isa = XCBuildConfiguration;
			buildSettings = {
				ALWAYS_SEARCH_USER_PATHS = NO;
				CLANG_CXX_LANGUAGE_STANDARD = "gnu++0x";
				CLANG_CXX_LIBRARY = "libc++";
				CLANG_ENABLE_OBJC_ARC = YES;
				CLANG_WARN_EMPTY_BODY = YES;
				CLANG_WARN__DUPLICATE_METHOD_MATCH = YES;
				"CODE_SIGN_IDENTITY[sdk=iphoneos*]" = "iPhone Developer";
				COPY_PHASE_STRIP = NO;
				GCC_C_LANGUAGE_STANDARD = gnu99;
				GCC_DYNAMIC_NO_PIC = NO;
				GCC_OPTIMIZATION_LEVEL = 0;
				GCC_PREPROCESSOR_DEFINITIONS = (
					"DEBUG=1",
					"$(inherited)",
				);
				GCC_SYMBOLS_PRIVATE_EXTERN = NO;
				GCC_WARN_ABOUT_RETURN_TYPE = YES;
				GCC_WARN_UNINITIALIZED_AUTOS = YES;
				GCC_WARN_UNUSED_VARIABLE = YES;
				IPHONEOS_DEPLOYMENT_TARGET = 6.0;
				ONLY_ACTIVE_ARCH = YES;
				SDKROOT = iphoneos;
				TARGETED_DEVICE_FAMILY = "1,2";
			};
			name = Debug;
		};
		2F30EAD916A0EB4F0026B258 /* Release */ = {
			isa = XCBuildConfiguration;
			buildSettings = {
				ALWAYS_SEARCH_USER_PATHS = NO;
				CLANG_CXX_LANGUAGE_STANDARD = "gnu++0x";
				CLANG_CXX_LIBRARY = "libc++";
				CLANG_ENABLE_OBJC_ARC = YES;
				CLANG_WARN_EMPTY_BODY = YES;
				CLANG_WARN__DUPLICATE_METHOD_MATCH = YES;
				"CODE_SIGN_IDENTITY[sdk=iphoneos*]" = "iPhone Developer";
				COPY_PHASE_STRIP = YES;
				GCC_C_LANGUAGE_STANDARD = gnu99;
				GCC_WARN_ABOUT_RETURN_TYPE = YES;
				GCC_WARN_UNINITIALIZED_AUTOS = YES;
				GCC_WARN_UNUSED_VARIABLE = YES;
				IPHONEOS_DEPLOYMENT_TARGET = 6.0;
				OTHER_CFLAGS = "-DNS_BLOCK_ASSERTIONS=1";
				SDKROOT = iphoneos;
				TARGETED_DEVICE_FAMILY = "1,2";
				VALIDATE_PRODUCT = YES;
			};
			name = Release;
		};
		2F30EADB16A0EB4F0026B258 /* Debug */ = {
			isa = XCBuildConfiguration;
			buildSettings = {
				GCC_PRECOMPILE_PREFIX_HEADER = YES;
				GCC_PREFIX_HEADER = "UltimateAscent/MainApp/UltimateAscent-Prefix.pch";
				INFOPLIST_FILE = "UltimateAscent/MainApp/UltimateAscent-Info.plist";
				IPHONEOS_DEPLOYMENT_TARGET = 5.0;
				LIBRARY_SEARCH_PATHS = (
					"$(inherited)",
					"\"$(SRCROOT)/UltimateAscent/StackMob-v1.3.0\"",
				);
				OTHER_LDFLAGS = "-ObjC";
				PRODUCT_NAME = "$(TARGET_NAME)";
				WRAPPER_EXTENSION = app;
			};
			name = Debug;
		};
		2F30EADC16A0EB4F0026B258 /* Release */ = {
			isa = XCBuildConfiguration;
			buildSettings = {
				GCC_PRECOMPILE_PREFIX_HEADER = YES;
				GCC_PREFIX_HEADER = "UltimateAscent/MainApp/UltimateAscent-Prefix.pch";
				INFOPLIST_FILE = "UltimateAscent/MainApp/UltimateAscent-Info.plist";
				IPHONEOS_DEPLOYMENT_TARGET = 5.0;
				LIBRARY_SEARCH_PATHS = (
					"$(inherited)",
					"\"$(SRCROOT)/UltimateAscent/StackMob-v1.3.0\"",
				);
				OTHER_LDFLAGS = "-ObjC";
				PRODUCT_NAME = "$(TARGET_NAME)";
				WRAPPER_EXTENSION = app;
			};
			name = Release;
		};
/* End XCBuildConfiguration section */

/* Begin XCConfigurationList section */
		2F30EAB116A0EB4F0026B258 /* Build configuration list for PBXProject "UltimateAscent" */ = {
			isa = XCConfigurationList;
			buildConfigurations = (
				2F30EAD816A0EB4F0026B258 /* Debug */,
				2F30EAD916A0EB4F0026B258 /* Release */,
			);
			defaultConfigurationIsVisible = 0;
			defaultConfigurationName = Release;
		};
		2F30EADA16A0EB4F0026B258 /* Build configuration list for PBXNativeTarget "UltimateAscent" */ = {
			isa = XCConfigurationList;
			buildConfigurations = (
				2F30EADB16A0EB4F0026B258 /* Debug */,
				2F30EADC16A0EB4F0026B258 /* Release */,
			);
			defaultConfigurationIsVisible = 0;
			defaultConfigurationName = Release;
		};
/* End XCConfigurationList section */

/* Begin XCVersionGroup section */
		2F8A13FB1703C8DB00866519 /* UltimateAscent.xcdatamodeld */ = {
			isa = XCVersionGroup;
			children = (
				2F8A13FE1703C98D00866519 /* UltimateAscent 2.xcdatamodel */,
				2F9C12DC170880C9005EE9D3 /* UltimateAscent 3.xcdatamodel */,
				2F8A13FC1703C8DB00866519 /* UltimateAscent.xcdatamodel */,
			);
			currentVersion = 2F9C12DC170880C9005EE9D3 /* UltimateAscent 3.xcdatamodel */;
			name = UltimateAscent.xcdatamodeld;
			path = DataModels/UltimateAscent.xcdatamodeld;
			sourceTree = "<group>";
			versionGroupType = wrapper.xcdatamodel;
		};
/* End XCVersionGroup section */
	};
	rootObject = 2F30EAAE16A0EB4F0026B258 /* Project object */;
}
